// !$*UTF8*$!
{
	archiveVersion = 1;
	classes = {
	};
	objectVersion = 50;
	objects = {

/* Begin PBXBuildFile section */
		036AE4982A91DF83BBB65766 /* Pods_HuntedRadar.framework in Frameworks */ = {isa = PBXBuildFile; fileRef = 512348C5603785C2ABF26B3E /* Pods_HuntedRadar.framework */; };
		B70452C820A1480700090318 /* SwitchViewController.swift in Sources */ = {isa = PBXBuildFile; fileRef = B70452C720A1480700090318 /* SwitchViewController.swift */; };
		B70452CC20A14B2500090318 /* SwitchCollectionViewCell.swift in Sources */ = {isa = PBXBuildFile; fileRef = B70452CA20A14B2500090318 /* SwitchCollectionViewCell.swift */; };
		B70452CD20A14B2500090318 /* SwitchCollectionViewCell.xib in Resources */ = {isa = PBXBuildFile; fileRef = B70452CB20A14B2500090318 /* SwitchCollectionViewCell.xib */; };
		B705B9E420B5CCEA0068823D /* ProfileViewController.swift in Sources */ = {isa = PBXBuildFile; fileRef = B705B9E320B5CCEA0068823D /* ProfileViewController.swift */; };
		B708702E20B32032008E0D57 /* CustomDate+Extension.swift in Sources */ = {isa = PBXBuildFile; fileRef = B708702D20B32032008E0D57 /* CustomDate+Extension.swift */; };
		B708B3DA20A73EBB00687113 /* TabBarViewController.swift in Sources */ = {isa = PBXBuildFile; fileRef = B708B3D920A73EBB00687113 /* TabBarViewController.swift */; };
		B708B3DE20A740C000687113 /* UIStoryBoard+Extension.swift in Sources */ = {isa = PBXBuildFile; fileRef = B708B3DD20A740C000687113 /* UIStoryBoard+Extension.swift */; };
		B708B3E020A747CB00687113 /* Article.storyboard in Resources */ = {isa = PBXBuildFile; fileRef = B708B3DF20A747CB00687113 /* Article.storyboard */; };
		B708B3E220A747DA00687113 /* Profile.storyboard in Resources */ = {isa = PBXBuildFile; fileRef = B708B3E120A747DA00687113 /* Profile.storyboard */; };
		B708B3E420A74AC100687113 /* TabBar.storyboard in Resources */ = {isa = PBXBuildFile; fileRef = B708B3E320A74AC100687113 /* TabBar.storyboard */; };
		B709639F20D1F62800D29A12 /* HuntedRadarModelTests.swift in Sources */ = {isa = PBXBuildFile; fileRef = B709639E20D1F62800D29A12 /* HuntedRadarModelTests.swift */; };
		B70BB4ED20B4664500612736 /* Forbid.swift in Sources */ = {isa = PBXBuildFile; fileRef = B70BB4EC20B4664500612736 /* Forbid.swift */; };
		B70BBA8720C4EFD0000A39D6 /* Array+Extensions.swift in Sources */ = {isa = PBXBuildFile; fileRef = B70BBA3820C4EFD0000A39D6 /* Array+Extensions.swift */; };
		B70BBA8820C4EFD0000A39D6 /* UISegmentedControl+Extensions.swift in Sources */ = {isa = PBXBuildFile; fileRef = B70BBA3920C4EFD0000A39D6 /* UISegmentedControl+Extensions.swift */; };
		B70BBA8920C4EFD0000A39D6 /* UIImageView+Extensions.swift in Sources */ = {isa = PBXBuildFile; fileRef = B70BBA3A20C4EFD0000A39D6 /* UIImageView+Extensions.swift */; };
		B70BBA8A20C4EFD0000A39D6 /* UIViewController+Extensions.swift in Sources */ = {isa = PBXBuildFile; fileRef = B70BBA3B20C4EFD0000A39D6 /* UIViewController+Extensions.swift */; };
		B70BBA8B20C4EFD0000A39D6 /* UIView+Extensions.swift in Sources */ = {isa = PBXBuildFile; fileRef = B70BBA3C20C4EFD0000A39D6 /* UIView+Extensions.swift */; };
		B70BBA8C20C4EFD0000A39D6 /* Date+Extension.swift in Sources */ = {isa = PBXBuildFile; fileRef = B70BBA3D20C4EFD0000A39D6 /* Date+Extension.swift */; };
		B70BBA8D20C4EFD0000A39D6 /* String+Extensions.swift in Sources */ = {isa = PBXBuildFile; fileRef = B70BBA3E20C4EFD0000A39D6 /* String+Extensions.swift */; };
		B70BBA8E20C4EFD0000A39D6 /* UITextView+Extensions.swift in Sources */ = {isa = PBXBuildFile; fileRef = B70BBA3F20C4EFD0000A39D6 /* UITextView+Extensions.swift */; };
		B70BBA8F20C4EFD0000A39D6 /* UIColor+Extensions.swift in Sources */ = {isa = PBXBuildFile; fileRef = B70BBA4020C4EFD0000A39D6 /* UIColor+Extensions.swift */; };
		B70BBA9020C4EFD0000A39D6 /* UIImage+Extensions.swift in Sources */ = {isa = PBXBuildFile; fileRef = B70BBA4120C4EFD0000A39D6 /* UIImage+Extensions.swift */; };
		B70BBA9120C4EFD0000A39D6 /* UISearchBar+Extensions.swift in Sources */ = {isa = PBXBuildFile; fileRef = B70BBA4220C4EFD0000A39D6 /* UISearchBar+Extensions.swift */; };
		B70BBA9220C4EFD0000A39D6 /* UIApplication+Extensions.swift in Sources */ = {isa = PBXBuildFile; fileRef = B70BBA4320C4EFD0000A39D6 /* UIApplication+Extensions.swift */; };
		B70BBA9320C4EFD0000A39D6 /* UIAlertController+Extensions.swift in Sources */ = {isa = PBXBuildFile; fileRef = B70BBA4420C4EFD0000A39D6 /* UIAlertController+Extensions.swift */; };
		B70BBA9420C4EFD0000A39D6 /* Optional+Extensions.swift in Sources */ = {isa = PBXBuildFile; fileRef = B70BBA4520C4EFD0000A39D6 /* Optional+Extensions.swift */; };
		B70BBA9520C4EFD0000A39D6 /* Common+Extensions.swift in Sources */ = {isa = PBXBuildFile; fileRef = B70BBA4620C4EFD0000A39D6 /* Common+Extensions.swift */; };
		B70BBA9620C4EFD0000A39D6 /* Locale+Extensions.swift in Sources */ = {isa = PBXBuildFile; fileRef = B70BBA4720C4EFD0000A39D6 /* Locale+Extensions.swift */; };
		B70BBA9720C4EFD0000A39D6 /* UITextField+Extensions.swift in Sources */ = {isa = PBXBuildFile; fileRef = B70BBA4820C4EFD0000A39D6 /* UITextField+Extensions.swift */; };
		B70BBA9820C4EFD0000A39D6 /* AttributedTextBlock.swift in Sources */ = {isa = PBXBuildFile; fileRef = B70BBA4B20C4EFD0000A39D6 /* AttributedTextBlock.swift */; };
		B70BBA9920C4EFD0000A39D6 /* TextViewController.swift in Sources */ = {isa = PBXBuildFile; fileRef = B70BBA4C20C4EFD0000A39D6 /* TextViewController.swift */; };
		B70BBA9A20C4EFD0000A39D6 /* Countries.bundle in Resources */ = {isa = PBXBuildFile; fileRef = B70BBA4F20C4EFD0000A39D6 /* Countries.bundle */; };
		B70BBA9B20C4EFD0000A39D6 /* LocaleStore.swift in Sources */ = {isa = PBXBuildFile; fileRef = B70BBA5120C4EFD0000A39D6 /* LocaleStore.swift */; };
		B70BBA9C20C4EFD0000A39D6 /* LocaleInfo.swift in Sources */ = {isa = PBXBuildFile; fileRef = B70BBA5320C4EFD0000A39D6 /* LocaleInfo.swift */; };
		B70BBA9D20C4EFD0000A39D6 /* LocalePickerViewController.swift in Sources */ = {isa = PBXBuildFile; fileRef = B70BBA5420C4EFD0000A39D6 /* LocalePickerViewController.swift */; };
		B70BBA9E20C4EFD0000A39D6 /* PhoneCodeCell.swift in Sources */ = {isa = PBXBuildFile; fileRef = B70BBA5620C4EFD0000A39D6 /* PhoneCodeCell.swift */; };
		B70BBA9F20C4EFD0000A39D6 /* CurrencyCell.swift in Sources */ = {isa = PBXBuildFile; fileRef = B70BBA5720C4EFD0000A39D6 /* CurrencyCell.swift */; };
		B70BBAA020C4EFD1000A39D6 /* CountryCell.swift in Sources */ = {isa = PBXBuildFile; fileRef = B70BBA5820C4EFD0000A39D6 /* CountryCell.swift */; };
		B70BBAA120C4EFD1000A39D6 /* TwoTextFieldsViewController.swift in Sources */ = {isa = PBXBuildFile; fileRef = B70BBA5A20C4EFD0000A39D6 /* TwoTextFieldsViewController.swift */; };
		B70BBAA220C4EFD1000A39D6 /* OneTextFieldViewController.swift in Sources */ = {isa = PBXBuildFile; fileRef = B70BBA5B20C4EFD0000A39D6 /* OneTextFieldViewController.swift */; };
		B70BBAA320C4EFD1000A39D6 /* Assets.swift in Sources */ = {isa = PBXBuildFile; fileRef = B70BBA5E20C4EFD0000A39D6 /* Assets.swift */; };
		B70BBAA420C4EFD1000A39D6 /* PhotoLibraryPickerViewController.swift in Sources */ = {isa = PBXBuildFile; fileRef = B70BBA5F20C4EFD0000A39D6 /* PhotoLibraryPickerViewController.swift */; };
		B70BBAA520C4EFD1000A39D6 /* LocationSearchResultsViewController.swift in Sources */ = {isa = PBXBuildFile; fileRef = B70BBA6120C4EFD0000A39D6 /* LocationSearchResultsViewController.swift */; };
		B70BBAA620C4EFD1000A39D6 /* LocationPickerViewController.swift in Sources */ = {isa = PBXBuildFile; fileRef = B70BBA6220C4EFD0000A39D6 /* LocationPickerViewController.swift */; };
		B70BBAA720C4EFD1000A39D6 /* SearchHistoryManager.swift in Sources */ = {isa = PBXBuildFile; fileRef = B70BBA6420C4EFD0000A39D6 /* SearchHistoryManager.swift */; };
		B70BBAA820C4EFD1000A39D6 /* Location.swift in Sources */ = {isa = PBXBuildFile; fileRef = B70BBA6620C4EFD0000A39D6 /* Location.swift */; };
		B70BBAA920C4EFD1000A39D6 /* Address.swift in Sources */ = {isa = PBXBuildFile; fileRef = B70BBA6720C4EFD0000A39D6 /* Address.swift */; };
		B70BBAAA20C4EFD1000A39D6 /* PickerViewViewController.swift in Sources */ = {isa = PBXBuildFile; fileRef = B70BBA6920C4EFD0000A39D6 /* PickerViewViewController.swift */; };
		B70BBAAF20C4EFD1000A39D6 /* ColorPickerViewController.swift in Sources */ = {isa = PBXBuildFile; fileRef = B70BBA7320C4EFD0000A39D6 /* ColorPickerViewController.swift */; };
		B70BBAB020C4EFD1000A39D6 /* DatePickerViewController.swift in Sources */ = {isa = PBXBuildFile; fileRef = B70BBA7520C4EFD0000A39D6 /* DatePickerViewController.swift */; };
		B70BBAB120C4EFD1000A39D6 /* ImagePickerViewController.swift in Sources */ = {isa = PBXBuildFile; fileRef = B70BBA7720C4EFD0000A39D6 /* ImagePickerViewController.swift */; };
		B70BBAB220C4EFD1000A39D6 /* ItemWithImage.swift in Sources */ = {isa = PBXBuildFile; fileRef = B70BBA7920C4EFD0000A39D6 /* ItemWithImage.swift */; };
		B70BBAB720C4EFD1000A39D6 /* Label.swift in Sources */ = {isa = PBXBuildFile; fileRef = B70BBA8220C4EFD0000A39D6 /* Label.swift */; };
		B70BBAB820C4EFD1000A39D6 /* SegmentedControl.swift in Sources */ = {isa = PBXBuildFile; fileRef = B70BBA8320C4EFD0000A39D6 /* SegmentedControl.swift */; };
		B70BBAB920C4EFD1000A39D6 /* GradientSlider.swift in Sources */ = {isa = PBXBuildFile; fileRef = B70BBA8420C4EFD0000A39D6 /* GradientSlider.swift */; };
		B70BBABA20C4EFD1000A39D6 /* TextField.swift in Sources */ = {isa = PBXBuildFile; fileRef = B70BBA8520C4EFD0000A39D6 /* TextField.swift */; };
		B70BBABB20C4EFD1000A39D6 /* Button.swift in Sources */ = {isa = PBXBuildFile; fileRef = B70BBA8620C4EFD0000A39D6 /* Button.swift */; };
		B70C18D4209DAA4600133859 /* crimes10701_10703.json in Resources */ = {isa = PBXBuildFile; fileRef = B70C18D3209DAA4600133859 /* crimes10701_10703.json */; };
		B70C18DC209EE87600133859 /* LocationSearchUITableViewController.swift in Sources */ = {isa = PBXBuildFile; fileRef = B70C18DB209EE87600133859 /* LocationSearchUITableViewController.swift */; };
		B70C6D36209CA76500E5ACD9 /* BezierPathExtension.swift in Sources */ = {isa = PBXBuildFile; fileRef = B70C6D35209CA76500E5ACD9 /* BezierPathExtension.swift */; };
		B70CDB2620AD601700935AFD /* FirebaseManager.swift in Sources */ = {isa = PBXBuildFile; fileRef = B70CDB2520AD601700935AFD /* FirebaseManager.swift */; };
		B70CDB2920AD7DBD00935AFD /* Article.swift in Sources */ = {isa = PBXBuildFile; fileRef = B70CDB2820AD7DBD00935AFD /* Article.swift */; };
		B70D0F9120C8F50E007824F9 /* UnLuckyHouseMKAnnotationView.swift in Sources */ = {isa = PBXBuildFile; fileRef = B70D0F9020C8F50E007824F9 /* UnLuckyHouseMKAnnotationView.swift */; };
		B70D0F9320C8FA40007824F9 /* SafeLocationMKAnnotationView.swift in Sources */ = {isa = PBXBuildFile; fileRef = B70D0F9220C8FA40007824F9 /* SafeLocationMKAnnotationView.swift */; };
		B70D0F9520C8FD62007824F9 /* PinViewMKAnnotationView.swift in Sources */ = {isa = PBXBuildFile; fileRef = B70D0F9420C8FD62007824F9 /* PinViewMKAnnotationView.swift */; };
		B70D0FA420C902B1007824F9 /* MapViewConstants.swift in Sources */ = {isa = PBXBuildFile; fileRef = B70D0FA320C902B1007824F9 /* MapViewConstants.swift */; };
		B70E4A6920B6937200A100AF /* ForbidTableViewCell.swift in Sources */ = {isa = PBXBuildFile; fileRef = B70E4A6720B6937200A100AF /* ForbidTableViewCell.swift */; };
		B70E4A6A20B6937200A100AF /* ForbidTableViewCell.xib in Resources */ = {isa = PBXBuildFile; fileRef = B70E4A6820B6937200A100AF /* ForbidTableViewCell.xib */; };
		B70E98D5209C43B500112661 /* DangerousLocationDetailMapView.swift in Sources */ = {isa = PBXBuildFile; fileRef = B70E98D4209C43B500112661 /* DangerousLocationDetailMapView.swift */; };
		B70E98D7209C43F100112661 /* DangerousLocationDetailMapView.xib in Resources */ = {isa = PBXBuildFile; fileRef = B70E98D6209C43F100112661 /* DangerousLocationDetailMapView.xib */; };
		B70E98DA209C491F00112661 /* DangerousLocationTableViewCell.swift in Sources */ = {isa = PBXBuildFile; fileRef = B70E98D8209C491F00112661 /* DangerousLocationTableViewCell.swift */; };
		B70E98DB209C491F00112661 /* DangerousLocationTableViewCell.xib in Resources */ = {isa = PBXBuildFile; fileRef = B70E98D9209C491F00112661 /* DangerousLocationTableViewCell.xib */; };
		B70E98DD209C522900112661 /* DangerousLocationAnnotationView.swift in Sources */ = {isa = PBXBuildFile; fileRef = B70E98DC209C522900112661 /* DangerousLocationAnnotationView.swift */; };
		B71037E020BE41F300952A65 /* PrivacyViewController.swift in Sources */ = {isa = PBXBuildFile; fileRef = B71037DF20BE41F300952A65 /* PrivacyViewController.swift */; };
		B71037E420BE429700952A65 /* PrivacyViewCell.swift in Sources */ = {isa = PBXBuildFile; fileRef = B71037E220BE429700952A65 /* PrivacyViewCell.swift */; };
		B71037E520BE429700952A65 /* PrivacyViewCell.xib in Resources */ = {isa = PBXBuildFile; fileRef = B71037E320BE429700952A65 /* PrivacyViewCell.xib */; };
		B71060FA20A49C1500C4A93F /* BarChartViewController.swift in Sources */ = {isa = PBXBuildFile; fileRef = B71060F920A49C1500C4A93F /* BarChartViewController.swift */; };
		B711612620B2956000C554CA /* Detail.storyboard in Resources */ = {isa = PBXBuildFile; fileRef = B711612520B2956000C554CA /* Detail.storyboard */; };
		B712E03920AE7BF300FFBD87 /* SearchBarContainerView.swift in Sources */ = {isa = PBXBuildFile; fileRef = B712E03820AE7BF300FFBD87 /* SearchBarContainerView.swift */; };
		B725FFB620A0377400BA6553 /* ExpandableLocations.swift in Sources */ = {isa = PBXBuildFile; fileRef = B725FFB520A0377400BA6553 /* ExpandableLocations.swift */; };
		B72A46D420A1EEBD00E810E0 /* SafeLocation.swift in Sources */ = {isa = PBXBuildFile; fileRef = B72A46D320A1EEBD00E810E0 /* SafeLocation.swift */; };
		B7479F8D20A9305D00415978 /* HuntedNavigationController.swift in Sources */ = {isa = PBXBuildFile; fileRef = B7479F8C20A9305D00415978 /* HuntedNavigationController.swift */; };
		B79E4DB920A06E2900FE9911 /* LocationSearchTable.storyboard in Resources */ = {isa = PBXBuildFile; fileRef = B79E4DB820A06E2900FE9911 /* LocationSearchTable.storyboard */; };
		B7BB5E3820B2967300F16CCD /* DetailViewController.swift in Sources */ = {isa = PBXBuildFile; fileRef = B7BB5E3720B2967300F16CCD /* DetailViewController.swift */; };
		B7BB5E3C20B2A3FA00F16CCD /* CommentTableViewCell.swift in Sources */ = {isa = PBXBuildFile; fileRef = B7BB5E3A20B2A3FA00F16CCD /* CommentTableViewCell.swift */; };
		B7BB5E3D20B2A3FA00F16CCD /* CommentTableViewCell.xib in Resources */ = {isa = PBXBuildFile; fileRef = B7BB5E3B20B2A3FA00F16CCD /* CommentTableViewCell.xib */; };
		B7BB5E4120B2A66200F16CCD /* ImageTableViewCell.swift in Sources */ = {isa = PBXBuildFile; fileRef = B7BB5E3F20B2A66200F16CCD /* ImageTableViewCell.swift */; };
		B7BB5E4220B2A66200F16CCD /* ImageTableViewCell.xib in Resources */ = {isa = PBXBuildFile; fileRef = B7BB5E4020B2A66200F16CCD /* ImageTableViewCell.xib */; };
		B7BB5E4520B2C8BB00F16CCD /* Comment.swift in Sources */ = {isa = PBXBuildFile; fileRef = B7BB5E4420B2C8BB00F16CCD /* Comment.swift */; };
		B7C5AD4120995B030054FD6B /* AppDelegate.swift in Sources */ = {isa = PBXBuildFile; fileRef = B7C5AD4020995B030054FD6B /* AppDelegate.swift */; };
		B7C5AD4320995B030054FD6B /* RadarViewController.swift in Sources */ = {isa = PBXBuildFile; fileRef = B7C5AD4220995B030054FD6B /* RadarViewController.swift */; };
		B7C5AD4620995B030054FD6B /* Main.storyboard in Resources */ = {isa = PBXBuildFile; fileRef = B7C5AD4420995B030054FD6B /* Main.storyboard */; };
		B7C5AD4820995B040054FD6B /* Assets.xcassets in Resources */ = {isa = PBXBuildFile; fileRef = B7C5AD4720995B040054FD6B /* Assets.xcassets */; };
		B7C5AD4B20995B040054FD6B /* LaunchScreen.storyboard in Resources */ = {isa = PBXBuildFile; fileRef = B7C5AD4920995B040054FD6B /* LaunchScreen.storyboard */; };
		B7C5AD53209962640054FD6B /* unluckyhouse.sqlite in Resources */ = {isa = PBXBuildFile; fileRef = B7C5AD52209962640054FD6B /* unluckyhouse.sqlite */; };
		B7C5AD562099629E0054FD6B /* Dao.swift in Sources */ = {isa = PBXBuildFile; fileRef = B7C5AD552099629E0054FD6B /* Dao.swift */; };
		B7C5AD58209962DE0054FD6B /* UnLuckyHouse.swift in Sources */ = {isa = PBXBuildFile; fileRef = B7C5AD57209962DE0054FD6B /* UnLuckyHouse.swift */; };
		B7C5AD5D209990860054FD6B /* DangerousLocation.swift in Sources */ = {isa = PBXBuildFile; fileRef = B7C5AD5C209990860054FD6B /* DangerousLocation.swift */; };
		B7CB48E220A94AA60042194C /* ArticleViewController.swift in Sources */ = {isa = PBXBuildFile; fileRef = B7CB48E120A94AA60042194C /* ArticleViewController.swift */; };
		B7CB48E720A94C430042194C /* ArticleTableViewCell.swift in Sources */ = {isa = PBXBuildFile; fileRef = B7CB48E520A94C430042194C /* ArticleTableViewCell.swift */; };
		B7CB48E820A94C430042194C /* ArticleTableViewCell.xib in Resources */ = {isa = PBXBuildFile; fileRef = B7CB48E620A94C430042194C /* ArticleTableViewCell.xib */; };
		B7CB48EA20A95D6C0042194C /* GoogleService-Info.plist in Resources */ = {isa = PBXBuildFile; fileRef = B7CB48E920A95D6B0042194C /* GoogleService-Info.plist */; };
		B7CCD74A20A97AC700CE722E /* Login.storyboard in Resources */ = {isa = PBXBuildFile; fileRef = B7CCD74920A97AC700CE722E /* Login.storyboard */; };
		B7CCD74D20A9847100CE722E /* LoginViewController.swift in Sources */ = {isa = PBXBuildFile; fileRef = B7CCD74C20A9847100CE722E /* LoginViewController.swift */; };
		B7CCD74F20A996EA00CE722E /* AddQuestion.storyboard in Resources */ = {isa = PBXBuildFile; fileRef = B7CCD74E20A996EA00CE722E /* AddQuestion.storyboard */; };
		B7CCD75220A9971800CE722E /* AddQuestionViewController.swift in Sources */ = {isa = PBXBuildFile; fileRef = B7CCD75120A9971800CE722E /* AddQuestionViewController.swift */; };
		B7E2254D20C78335007C843A /* AddressProvider.swift in Sources */ = {isa = PBXBuildFile; fileRef = B7E2254C20C78335007C843A /* AddressProvider.swift */; };
		B7FAD73D20CA272D000AC3E0 /* UISearchController+Extension.swift in Sources */ = {isa = PBXBuildFile; fileRef = B7FAD73C20CA272D000AC3E0 /* UISearchController+Extension.swift */; };
		B7FAD74020CA2FB3000AC3E0 /* MapViewController.swift in Sources */ = {isa = PBXBuildFile; fileRef = B7FAD73F20CA2FB3000AC3E0 /* MapViewController.swift */; };
		B7FAD74320CA54D3000AC3E0 /* TempRadarViewController.swift in Sources */ = {isa = PBXBuildFile; fileRef = B7FAD74220CA54D3000AC3E0 /* TempRadarViewController.swift */; };
		D0B0478FF62FB0D1B6428CE7 /* libPods-HuntedRadarModelTests.a in Frameworks */ = {isa = PBXBuildFile; fileRef = 1ED81C8C6D2DA71D0CDE5A51 /* libPods-HuntedRadarModelTests.a */; };
/* End PBXBuildFile section */

/* Begin PBXContainerItemProxy section */
		B70963A120D1F62800D29A12 /* PBXContainerItemProxy */ = {
			isa = PBXContainerItemProxy;
			containerPortal = B7C5AD3520995B030054FD6B /* Project object */;
			proxyType = 1;
			remoteGlobalIDString = B7C5AD3C20995B030054FD6B;
			remoteInfo = HuntedRadar;
		};
/* End PBXContainerItemProxy section */

/* Begin PBXFileReference section */
		1ED81C8C6D2DA71D0CDE5A51 /* libPods-HuntedRadarModelTests.a */ = {isa = PBXFileReference; explicitFileType = archive.ar; includeInIndex = 0; path = "libPods-HuntedRadarModelTests.a"; sourceTree = BUILT_PRODUCTS_DIR; };
		33A5E3CDB1FB2DDD8A3A92E4 /* Pods-HuntedRadarModelTests.debug.xcconfig */ = {isa = PBXFileReference; includeInIndex = 1; lastKnownFileType = text.xcconfig; name = "Pods-HuntedRadarModelTests.debug.xcconfig"; path = "Pods/Target Support Files/Pods-HuntedRadarModelTests/Pods-HuntedRadarModelTests.debug.xcconfig"; sourceTree = "<group>"; };
		512348C5603785C2ABF26B3E /* Pods_HuntedRadar.framework */ = {isa = PBXFileReference; explicitFileType = wrapper.framework; includeInIndex = 0; path = Pods_HuntedRadar.framework; sourceTree = BUILT_PRODUCTS_DIR; };
		9ADEF73EEB0D209624612685 /* Pods-HuntedRadar.release.xcconfig */ = {isa = PBXFileReference; includeInIndex = 1; lastKnownFileType = text.xcconfig; name = "Pods-HuntedRadar.release.xcconfig"; path = "Pods/Target Support Files/Pods-HuntedRadar/Pods-HuntedRadar.release.xcconfig"; sourceTree = "<group>"; };
		B70452C720A1480700090318 /* SwitchViewController.swift */ = {isa = PBXFileReference; lastKnownFileType = sourcecode.swift; path = SwitchViewController.swift; sourceTree = "<group>"; };
		B70452CA20A14B2500090318 /* SwitchCollectionViewCell.swift */ = {isa = PBXFileReference; lastKnownFileType = sourcecode.swift; path = SwitchCollectionViewCell.swift; sourceTree = "<group>"; };
		B70452CB20A14B2500090318 /* SwitchCollectionViewCell.xib */ = {isa = PBXFileReference; lastKnownFileType = file.xib; path = SwitchCollectionViewCell.xib; sourceTree = "<group>"; };
		B705B9E320B5CCEA0068823D /* ProfileViewController.swift */ = {isa = PBXFileReference; lastKnownFileType = sourcecode.swift; path = ProfileViewController.swift; sourceTree = "<group>"; };
		B708702D20B32032008E0D57 /* CustomDate+Extension.swift */ = {isa = PBXFileReference; lastKnownFileType = sourcecode.swift; path = "CustomDate+Extension.swift"; sourceTree = "<group>"; };
		B708B3D920A73EBB00687113 /* TabBarViewController.swift */ = {isa = PBXFileReference; lastKnownFileType = sourcecode.swift; path = TabBarViewController.swift; sourceTree = "<group>"; };
		B708B3DD20A740C000687113 /* UIStoryBoard+Extension.swift */ = {isa = PBXFileReference; lastKnownFileType = sourcecode.swift; path = "UIStoryBoard+Extension.swift"; sourceTree = "<group>"; };
		B708B3DF20A747CB00687113 /* Article.storyboard */ = {isa = PBXFileReference; lastKnownFileType = file.storyboard; path = Article.storyboard; sourceTree = "<group>"; };
		B708B3E120A747DA00687113 /* Profile.storyboard */ = {isa = PBXFileReference; lastKnownFileType = file.storyboard; path = Profile.storyboard; sourceTree = "<group>"; };
		B708B3E320A74AC100687113 /* TabBar.storyboard */ = {isa = PBXFileReference; lastKnownFileType = file.storyboard; path = TabBar.storyboard; sourceTree = "<group>"; };
		B709639C20D1F62800D29A12 /* HuntedRadarModelTests.xctest */ = {isa = PBXFileReference; explicitFileType = wrapper.cfbundle; includeInIndex = 0; path = HuntedRadarModelTests.xctest; sourceTree = BUILT_PRODUCTS_DIR; };
		B709639E20D1F62800D29A12 /* HuntedRadarModelTests.swift */ = {isa = PBXFileReference; lastKnownFileType = sourcecode.swift; path = HuntedRadarModelTests.swift; sourceTree = "<group>"; };
		B70963A020D1F62800D29A12 /* Info.plist */ = {isa = PBXFileReference; lastKnownFileType = text.plist.xml; path = Info.plist; sourceTree = "<group>"; };
		B70BB4EC20B4664500612736 /* Forbid.swift */ = {isa = PBXFileReference; lastKnownFileType = sourcecode.swift; path = Forbid.swift; sourceTree = "<group>"; };
		B70BBA3820C4EFD0000A39D6 /* Array+Extensions.swift */ = {isa = PBXFileReference; fileEncoding = 4; lastKnownFileType = sourcecode.swift; path = "Array+Extensions.swift"; sourceTree = "<group>"; };
		B70BBA3920C4EFD0000A39D6 /* UISegmentedControl+Extensions.swift */ = {isa = PBXFileReference; fileEncoding = 4; lastKnownFileType = sourcecode.swift; path = "UISegmentedControl+Extensions.swift"; sourceTree = "<group>"; };
		B70BBA3A20C4EFD0000A39D6 /* UIImageView+Extensions.swift */ = {isa = PBXFileReference; fileEncoding = 4; lastKnownFileType = sourcecode.swift; path = "UIImageView+Extensions.swift"; sourceTree = "<group>"; };
		B70BBA3B20C4EFD0000A39D6 /* UIViewController+Extensions.swift */ = {isa = PBXFileReference; fileEncoding = 4; lastKnownFileType = sourcecode.swift; path = "UIViewController+Extensions.swift"; sourceTree = "<group>"; };
		B70BBA3C20C4EFD0000A39D6 /* UIView+Extensions.swift */ = {isa = PBXFileReference; fileEncoding = 4; lastKnownFileType = sourcecode.swift; path = "UIView+Extensions.swift"; sourceTree = "<group>"; };
		B70BBA3D20C4EFD0000A39D6 /* Date+Extension.swift */ = {isa = PBXFileReference; fileEncoding = 4; lastKnownFileType = sourcecode.swift; path = "Date+Extension.swift"; sourceTree = "<group>"; };
		B70BBA3E20C4EFD0000A39D6 /* String+Extensions.swift */ = {isa = PBXFileReference; fileEncoding = 4; lastKnownFileType = sourcecode.swift; path = "String+Extensions.swift"; sourceTree = "<group>"; };
		B70BBA3F20C4EFD0000A39D6 /* UITextView+Extensions.swift */ = {isa = PBXFileReference; fileEncoding = 4; lastKnownFileType = sourcecode.swift; path = "UITextView+Extensions.swift"; sourceTree = "<group>"; };
		B70BBA4020C4EFD0000A39D6 /* UIColor+Extensions.swift */ = {isa = PBXFileReference; fileEncoding = 4; lastKnownFileType = sourcecode.swift; path = "UIColor+Extensions.swift"; sourceTree = "<group>"; };
		B70BBA4120C4EFD0000A39D6 /* UIImage+Extensions.swift */ = {isa = PBXFileReference; fileEncoding = 4; lastKnownFileType = sourcecode.swift; path = "UIImage+Extensions.swift"; sourceTree = "<group>"; };
		B70BBA4220C4EFD0000A39D6 /* UISearchBar+Extensions.swift */ = {isa = PBXFileReference; fileEncoding = 4; lastKnownFileType = sourcecode.swift; path = "UISearchBar+Extensions.swift"; sourceTree = "<group>"; };
		B70BBA4320C4EFD0000A39D6 /* UIApplication+Extensions.swift */ = {isa = PBXFileReference; fileEncoding = 4; lastKnownFileType = sourcecode.swift; path = "UIApplication+Extensions.swift"; sourceTree = "<group>"; };
		B70BBA4420C4EFD0000A39D6 /* UIAlertController+Extensions.swift */ = {isa = PBXFileReference; fileEncoding = 4; lastKnownFileType = sourcecode.swift; path = "UIAlertController+Extensions.swift"; sourceTree = "<group>"; };
		B70BBA4520C4EFD0000A39D6 /* Optional+Extensions.swift */ = {isa = PBXFileReference; fileEncoding = 4; lastKnownFileType = sourcecode.swift; path = "Optional+Extensions.swift"; sourceTree = "<group>"; };
		B70BBA4620C4EFD0000A39D6 /* Common+Extensions.swift */ = {isa = PBXFileReference; fileEncoding = 4; lastKnownFileType = sourcecode.swift; path = "Common+Extensions.swift"; sourceTree = "<group>"; };
		B70BBA4720C4EFD0000A39D6 /* Locale+Extensions.swift */ = {isa = PBXFileReference; fileEncoding = 4; lastKnownFileType = sourcecode.swift; path = "Locale+Extensions.swift"; sourceTree = "<group>"; };
		B70BBA4820C4EFD0000A39D6 /* UITextField+Extensions.swift */ = {isa = PBXFileReference; fileEncoding = 4; lastKnownFileType = sourcecode.swift; path = "UITextField+Extensions.swift"; sourceTree = "<group>"; };
		B70BBA4B20C4EFD0000A39D6 /* AttributedTextBlock.swift */ = {isa = PBXFileReference; fileEncoding = 4; lastKnownFileType = sourcecode.swift; path = AttributedTextBlock.swift; sourceTree = "<group>"; };
		B70BBA4C20C4EFD0000A39D6 /* TextViewController.swift */ = {isa = PBXFileReference; fileEncoding = 4; lastKnownFileType = sourcecode.swift; path = TextViewController.swift; sourceTree = "<group>"; };
		B70BBA4F20C4EFD0000A39D6 /* Countries.bundle */ = {isa = PBXFileReference; lastKnownFileType = "wrapper.plug-in"; path = Countries.bundle; sourceTree = "<group>"; };
		B70BBA5120C4EFD0000A39D6 /* LocaleStore.swift */ = {isa = PBXFileReference; fileEncoding = 4; lastKnownFileType = sourcecode.swift; path = LocaleStore.swift; sourceTree = "<group>"; };
		B70BBA5320C4EFD0000A39D6 /* LocaleInfo.swift */ = {isa = PBXFileReference; fileEncoding = 4; lastKnownFileType = sourcecode.swift; path = LocaleInfo.swift; sourceTree = "<group>"; };
		B70BBA5420C4EFD0000A39D6 /* LocalePickerViewController.swift */ = {isa = PBXFileReference; fileEncoding = 4; lastKnownFileType = sourcecode.swift; path = LocalePickerViewController.swift; sourceTree = "<group>"; };
		B70BBA5620C4EFD0000A39D6 /* PhoneCodeCell.swift */ = {isa = PBXFileReference; fileEncoding = 4; lastKnownFileType = sourcecode.swift; path = PhoneCodeCell.swift; sourceTree = "<group>"; };
		B70BBA5720C4EFD0000A39D6 /* CurrencyCell.swift */ = {isa = PBXFileReference; fileEncoding = 4; lastKnownFileType = sourcecode.swift; path = CurrencyCell.swift; sourceTree = "<group>"; };
		B70BBA5820C4EFD0000A39D6 /* CountryCell.swift */ = {isa = PBXFileReference; fileEncoding = 4; lastKnownFileType = sourcecode.swift; path = CountryCell.swift; sourceTree = "<group>"; };
		B70BBA5A20C4EFD0000A39D6 /* TwoTextFieldsViewController.swift */ = {isa = PBXFileReference; fileEncoding = 4; lastKnownFileType = sourcecode.swift; path = TwoTextFieldsViewController.swift; sourceTree = "<group>"; };
		B70BBA5B20C4EFD0000A39D6 /* OneTextFieldViewController.swift */ = {isa = PBXFileReference; fileEncoding = 4; lastKnownFileType = sourcecode.swift; path = OneTextFieldViewController.swift; sourceTree = "<group>"; };
		B70BBA5E20C4EFD0000A39D6 /* Assets.swift */ = {isa = PBXFileReference; fileEncoding = 4; lastKnownFileType = sourcecode.swift; path = Assets.swift; sourceTree = "<group>"; };
		B70BBA5F20C4EFD0000A39D6 /* PhotoLibraryPickerViewController.swift */ = {isa = PBXFileReference; fileEncoding = 4; lastKnownFileType = sourcecode.swift; path = PhotoLibraryPickerViewController.swift; sourceTree = "<group>"; };
		B70BBA6120C4EFD0000A39D6 /* LocationSearchResultsViewController.swift */ = {isa = PBXFileReference; fileEncoding = 4; lastKnownFileType = sourcecode.swift; path = LocationSearchResultsViewController.swift; sourceTree = "<group>"; };
		B70BBA6220C4EFD0000A39D6 /* LocationPickerViewController.swift */ = {isa = PBXFileReference; fileEncoding = 4; lastKnownFileType = sourcecode.swift; path = LocationPickerViewController.swift; sourceTree = "<group>"; };
		B70BBA6420C4EFD0000A39D6 /* SearchHistoryManager.swift */ = {isa = PBXFileReference; fileEncoding = 4; lastKnownFileType = sourcecode.swift; path = SearchHistoryManager.swift; sourceTree = "<group>"; };
		B70BBA6620C4EFD0000A39D6 /* Location.swift */ = {isa = PBXFileReference; fileEncoding = 4; lastKnownFileType = sourcecode.swift; path = Location.swift; sourceTree = "<group>"; };
		B70BBA6720C4EFD0000A39D6 /* Address.swift */ = {isa = PBXFileReference; fileEncoding = 4; lastKnownFileType = sourcecode.swift; path = Address.swift; sourceTree = "<group>"; };
		B70BBA6920C4EFD0000A39D6 /* PickerViewViewController.swift */ = {isa = PBXFileReference; fileEncoding = 4; lastKnownFileType = sourcecode.swift; path = PickerViewViewController.swift; sourceTree = "<group>"; };
		B70BBA7320C4EFD0000A39D6 /* ColorPickerViewController.swift */ = {isa = PBXFileReference; fileEncoding = 4; lastKnownFileType = sourcecode.swift; path = ColorPickerViewController.swift; sourceTree = "<group>"; };
		B70BBA7520C4EFD0000A39D6 /* DatePickerViewController.swift */ = {isa = PBXFileReference; fileEncoding = 4; lastKnownFileType = sourcecode.swift; path = DatePickerViewController.swift; sourceTree = "<group>"; };
		B70BBA7720C4EFD0000A39D6 /* ImagePickerViewController.swift */ = {isa = PBXFileReference; fileEncoding = 4; lastKnownFileType = sourcecode.swift; path = ImagePickerViewController.swift; sourceTree = "<group>"; };
		B70BBA7920C4EFD0000A39D6 /* ItemWithImage.swift */ = {isa = PBXFileReference; fileEncoding = 4; lastKnownFileType = sourcecode.swift; path = ItemWithImage.swift; sourceTree = "<group>"; };
		B70BBA8220C4EFD0000A39D6 /* Label.swift */ = {isa = PBXFileReference; fileEncoding = 4; lastKnownFileType = sourcecode.swift; path = Label.swift; sourceTree = "<group>"; };
		B70BBA8320C4EFD0000A39D6 /* SegmentedControl.swift */ = {isa = PBXFileReference; fileEncoding = 4; lastKnownFileType = sourcecode.swift; path = SegmentedControl.swift; sourceTree = "<group>"; };
		B70BBA8420C4EFD0000A39D6 /* GradientSlider.swift */ = {isa = PBXFileReference; fileEncoding = 4; lastKnownFileType = sourcecode.swift; path = GradientSlider.swift; sourceTree = "<group>"; };
		B70BBA8520C4EFD0000A39D6 /* TextField.swift */ = {isa = PBXFileReference; fileEncoding = 4; lastKnownFileType = sourcecode.swift; path = TextField.swift; sourceTree = "<group>"; };
		B70BBA8620C4EFD0000A39D6 /* Button.swift */ = {isa = PBXFileReference; fileEncoding = 4; lastKnownFileType = sourcecode.swift; path = Button.swift; sourceTree = "<group>"; };
		B70C18D3209DAA4600133859 /* crimes10701_10703.json */ = {isa = PBXFileReference; fileEncoding = 4; lastKnownFileType = text.json; path = crimes10701_10703.json; sourceTree = "<group>"; };
		B70C18DB209EE87600133859 /* LocationSearchUITableViewController.swift */ = {isa = PBXFileReference; lastKnownFileType = sourcecode.swift; path = LocationSearchUITableViewController.swift; sourceTree = "<group>"; };
		B70C6D35209CA76500E5ACD9 /* BezierPathExtension.swift */ = {isa = PBXFileReference; lastKnownFileType = sourcecode.swift; path = BezierPathExtension.swift; sourceTree = "<group>"; };
		B70CDB2520AD601700935AFD /* FirebaseManager.swift */ = {isa = PBXFileReference; lastKnownFileType = sourcecode.swift; path = FirebaseManager.swift; sourceTree = "<group>"; };
		B70CDB2820AD7DBD00935AFD /* Article.swift */ = {isa = PBXFileReference; lastKnownFileType = sourcecode.swift; path = Article.swift; sourceTree = "<group>"; };
		B70D0F9020C8F50E007824F9 /* UnLuckyHouseMKAnnotationView.swift */ = {isa = PBXFileReference; lastKnownFileType = sourcecode.swift; path = UnLuckyHouseMKAnnotationView.swift; sourceTree = "<group>"; };
		B70D0F9220C8FA40007824F9 /* SafeLocationMKAnnotationView.swift */ = {isa = PBXFileReference; lastKnownFileType = sourcecode.swift; path = SafeLocationMKAnnotationView.swift; sourceTree = "<group>"; };
		B70D0F9420C8FD62007824F9 /* PinViewMKAnnotationView.swift */ = {isa = PBXFileReference; lastKnownFileType = sourcecode.swift; path = PinViewMKAnnotationView.swift; sourceTree = "<group>"; };
		B70D0FA320C902B1007824F9 /* MapViewConstants.swift */ = {isa = PBXFileReference; lastKnownFileType = sourcecode.swift; path = MapViewConstants.swift; sourceTree = "<group>"; };
		B70E4A6720B6937200A100AF /* ForbidTableViewCell.swift */ = {isa = PBXFileReference; lastKnownFileType = sourcecode.swift; path = ForbidTableViewCell.swift; sourceTree = "<group>"; };
		B70E4A6820B6937200A100AF /* ForbidTableViewCell.xib */ = {isa = PBXFileReference; lastKnownFileType = file.xib; path = ForbidTableViewCell.xib; sourceTree = "<group>"; };
		B70E98D4209C43B500112661 /* DangerousLocationDetailMapView.swift */ = {isa = PBXFileReference; lastKnownFileType = sourcecode.swift; path = DangerousLocationDetailMapView.swift; sourceTree = "<group>"; };
		B70E98D6209C43F100112661 /* DangerousLocationDetailMapView.xib */ = {isa = PBXFileReference; lastKnownFileType = file.xib; path = DangerousLocationDetailMapView.xib; sourceTree = "<group>"; };
		B70E98D8209C491F00112661 /* DangerousLocationTableViewCell.swift */ = {isa = PBXFileReference; lastKnownFileType = sourcecode.swift; path = DangerousLocationTableViewCell.swift; sourceTree = "<group>"; };
		B70E98D9209C491F00112661 /* DangerousLocationTableViewCell.xib */ = {isa = PBXFileReference; lastKnownFileType = file.xib; path = DangerousLocationTableViewCell.xib; sourceTree = "<group>"; };
		B70E98DC209C522900112661 /* DangerousLocationAnnotationView.swift */ = {isa = PBXFileReference; lastKnownFileType = sourcecode.swift; path = DangerousLocationAnnotationView.swift; sourceTree = "<group>"; };
		B71037DF20BE41F300952A65 /* PrivacyViewController.swift */ = {isa = PBXFileReference; lastKnownFileType = sourcecode.swift; path = PrivacyViewController.swift; sourceTree = "<group>"; };
		B71037E220BE429700952A65 /* PrivacyViewCell.swift */ = {isa = PBXFileReference; lastKnownFileType = sourcecode.swift; path = PrivacyViewCell.swift; sourceTree = "<group>"; };
		B71037E320BE429700952A65 /* PrivacyViewCell.xib */ = {isa = PBXFileReference; lastKnownFileType = file.xib; path = PrivacyViewCell.xib; sourceTree = "<group>"; };
		B71060F920A49C1500C4A93F /* BarChartViewController.swift */ = {isa = PBXFileReference; lastKnownFileType = sourcecode.swift; path = BarChartViewController.swift; sourceTree = "<group>"; };
		B711612520B2956000C554CA /* Detail.storyboard */ = {isa = PBXFileReference; lastKnownFileType = file.storyboard; path = Detail.storyboard; sourceTree = "<group>"; };
		B712E03820AE7BF300FFBD87 /* SearchBarContainerView.swift */ = {isa = PBXFileReference; lastKnownFileType = sourcecode.swift; path = SearchBarContainerView.swift; sourceTree = "<group>"; };
		B725FFB520A0377400BA6553 /* ExpandableLocations.swift */ = {isa = PBXFileReference; lastKnownFileType = sourcecode.swift; path = ExpandableLocations.swift; sourceTree = "<group>"; };
		B72A46D320A1EEBD00E810E0 /* SafeLocation.swift */ = {isa = PBXFileReference; lastKnownFileType = sourcecode.swift; path = SafeLocation.swift; sourceTree = "<group>"; };
		B7479F8C20A9305D00415978 /* HuntedNavigationController.swift */ = {isa = PBXFileReference; lastKnownFileType = sourcecode.swift; path = HuntedNavigationController.swift; sourceTree = "<group>"; };
		B79E4DB820A06E2900FE9911 /* LocationSearchTable.storyboard */ = {isa = PBXFileReference; lastKnownFileType = file.storyboard; path = LocationSearchTable.storyboard; sourceTree = "<group>"; };
		B7BB5E3720B2967300F16CCD /* DetailViewController.swift */ = {isa = PBXFileReference; lastKnownFileType = sourcecode.swift; path = DetailViewController.swift; sourceTree = "<group>"; };
		B7BB5E3A20B2A3FA00F16CCD /* CommentTableViewCell.swift */ = {isa = PBXFileReference; lastKnownFileType = sourcecode.swift; path = CommentTableViewCell.swift; sourceTree = "<group>"; };
		B7BB5E3B20B2A3FA00F16CCD /* CommentTableViewCell.xib */ = {isa = PBXFileReference; lastKnownFileType = file.xib; path = CommentTableViewCell.xib; sourceTree = "<group>"; };
		B7BB5E3F20B2A66200F16CCD /* ImageTableViewCell.swift */ = {isa = PBXFileReference; lastKnownFileType = sourcecode.swift; path = ImageTableViewCell.swift; sourceTree = "<group>"; };
		B7BB5E4020B2A66200F16CCD /* ImageTableViewCell.xib */ = {isa = PBXFileReference; lastKnownFileType = file.xib; path = ImageTableViewCell.xib; sourceTree = "<group>"; };
		B7BB5E4420B2C8BB00F16CCD /* Comment.swift */ = {isa = PBXFileReference; lastKnownFileType = sourcecode.swift; path = Comment.swift; sourceTree = "<group>"; };
		B7C5AD3D20995B030054FD6B /* HuntedRadar.app */ = {isa = PBXFileReference; explicitFileType = wrapper.application; includeInIndex = 0; path = HuntedRadar.app; sourceTree = BUILT_PRODUCTS_DIR; };
		B7C5AD4020995B030054FD6B /* AppDelegate.swift */ = {isa = PBXFileReference; lastKnownFileType = sourcecode.swift; path = AppDelegate.swift; sourceTree = "<group>"; };
		B7C5AD4220995B030054FD6B /* RadarViewController.swift */ = {isa = PBXFileReference; lastKnownFileType = sourcecode.swift; path = RadarViewController.swift; sourceTree = "<group>"; };
		B7C5AD4520995B030054FD6B /* Base */ = {isa = PBXFileReference; lastKnownFileType = file.storyboard; name = Base; path = Base.lproj/Main.storyboard; sourceTree = "<group>"; };
		B7C5AD4720995B040054FD6B /* Assets.xcassets */ = {isa = PBXFileReference; lastKnownFileType = folder.assetcatalog; path = Assets.xcassets; sourceTree = "<group>"; };
		B7C5AD4A20995B040054FD6B /* Base */ = {isa = PBXFileReference; lastKnownFileType = file.storyboard; name = Base; path = Base.lproj/LaunchScreen.storyboard; sourceTree = "<group>"; };
		B7C5AD4C20995B040054FD6B /* Info.plist */ = {isa = PBXFileReference; lastKnownFileType = text.plist.xml; path = Info.plist; sourceTree = "<group>"; };
		B7C5AD52209962640054FD6B /* unluckyhouse.sqlite */ = {isa = PBXFileReference; lastKnownFileType = file; path = unluckyhouse.sqlite; sourceTree = "<group>"; };
		B7C5AD552099629E0054FD6B /* Dao.swift */ = {isa = PBXFileReference; lastKnownFileType = sourcecode.swift; path = Dao.swift; sourceTree = "<group>"; };
		B7C5AD57209962DE0054FD6B /* UnLuckyHouse.swift */ = {isa = PBXFileReference; lastKnownFileType = sourcecode.swift; path = UnLuckyHouse.swift; sourceTree = "<group>"; };
		B7C5AD5C209990860054FD6B /* DangerousLocation.swift */ = {isa = PBXFileReference; lastKnownFileType = sourcecode.swift; path = DangerousLocation.swift; sourceTree = "<group>"; };
		B7CB48E120A94AA60042194C /* ArticleViewController.swift */ = {isa = PBXFileReference; lastKnownFileType = sourcecode.swift; path = ArticleViewController.swift; sourceTree = "<group>"; };
		B7CB48E520A94C430042194C /* ArticleTableViewCell.swift */ = {isa = PBXFileReference; lastKnownFileType = sourcecode.swift; path = ArticleTableViewCell.swift; sourceTree = "<group>"; };
		B7CB48E620A94C430042194C /* ArticleTableViewCell.xib */ = {isa = PBXFileReference; lastKnownFileType = file.xib; path = ArticleTableViewCell.xib; sourceTree = "<group>"; };
		B7CB48E920A95D6B0042194C /* GoogleService-Info.plist */ = {isa = PBXFileReference; fileEncoding = 4; lastKnownFileType = text.plist.xml; path = "GoogleService-Info.plist"; sourceTree = "<group>"; };
		B7CCD74920A97AC700CE722E /* Login.storyboard */ = {isa = PBXFileReference; lastKnownFileType = file.storyboard; path = Login.storyboard; sourceTree = "<group>"; };
		B7CCD74C20A9847100CE722E /* LoginViewController.swift */ = {isa = PBXFileReference; lastKnownFileType = sourcecode.swift; path = LoginViewController.swift; sourceTree = "<group>"; };
		B7CCD74E20A996EA00CE722E /* AddQuestion.storyboard */ = {isa = PBXFileReference; lastKnownFileType = file.storyboard; path = AddQuestion.storyboard; sourceTree = "<group>"; };
		B7CCD75120A9971800CE722E /* AddQuestionViewController.swift */ = {isa = PBXFileReference; lastKnownFileType = sourcecode.swift; path = AddQuestionViewController.swift; sourceTree = "<group>"; };
		B7E2254C20C78335007C843A /* AddressProvider.swift */ = {isa = PBXFileReference; lastKnownFileType = sourcecode.swift; path = AddressProvider.swift; sourceTree = "<group>"; };
		B7FAD73C20CA272D000AC3E0 /* UISearchController+Extension.swift */ = {isa = PBXFileReference; lastKnownFileType = sourcecode.swift; path = "UISearchController+Extension.swift"; sourceTree = "<group>"; };
		B7FAD73F20CA2FB3000AC3E0 /* MapViewController.swift */ = {isa = PBXFileReference; lastKnownFileType = sourcecode.swift; path = MapViewController.swift; sourceTree = "<group>"; };
		B7FAD74220CA54D3000AC3E0 /* TempRadarViewController.swift */ = {isa = PBXFileReference; lastKnownFileType = sourcecode.swift; path = TempRadarViewController.swift; sourceTree = "<group>"; };
		D09A49790DB186CF5543EBF1 /* Pods-HuntedRadar.debug.xcconfig */ = {isa = PBXFileReference; includeInIndex = 1; lastKnownFileType = text.xcconfig; name = "Pods-HuntedRadar.debug.xcconfig"; path = "Pods/Target Support Files/Pods-HuntedRadar/Pods-HuntedRadar.debug.xcconfig"; sourceTree = "<group>"; };
		E2C746E925967D9A3E96E822 /* Pods-HuntedRadarModelTests.release.xcconfig */ = {isa = PBXFileReference; includeInIndex = 1; lastKnownFileType = text.xcconfig; name = "Pods-HuntedRadarModelTests.release.xcconfig"; path = "Pods/Target Support Files/Pods-HuntedRadarModelTests/Pods-HuntedRadarModelTests.release.xcconfig"; sourceTree = "<group>"; };
/* End PBXFileReference section */

/* Begin PBXFrameworksBuildPhase section */
		B709639920D1F62800D29A12 /* Frameworks */ = {
			isa = PBXFrameworksBuildPhase;
			buildActionMask = 2147483647;
			files = (
				D0B0478FF62FB0D1B6428CE7 /* libPods-HuntedRadarModelTests.a in Frameworks */,
			);
			runOnlyForDeploymentPostprocessing = 0;
		};
		B7C5AD3A20995B030054FD6B /* Frameworks */ = {
			isa = PBXFrameworksBuildPhase;
			buildActionMask = 2147483647;
			files = (
				036AE4982A91DF83BBB65766 /* Pods_HuntedRadar.framework in Frameworks */,
			);
			runOnlyForDeploymentPostprocessing = 0;
		};
/* End PBXFrameworksBuildPhase section */

/* Begin PBXGroup section */
		3E8DBDEA20B6C72371770F57 /* Pods */ = {
			isa = PBXGroup;
			children = (
				D09A49790DB186CF5543EBF1 /* Pods-HuntedRadar.debug.xcconfig */,
				9ADEF73EEB0D209624612685 /* Pods-HuntedRadar.release.xcconfig */,
				33A5E3CDB1FB2DDD8A3A92E4 /* Pods-HuntedRadarModelTests.debug.xcconfig */,
				E2C746E925967D9A3E96E822 /* Pods-HuntedRadarModelTests.release.xcconfig */,
			);
			name = Pods;
			sourceTree = "<group>";
		};
		B70452C920A14AFD00090318 /* SwitchCollectionView */ = {
			isa = PBXGroup;
			children = (
				B70452CA20A14B2500090318 /* SwitchCollectionViewCell.swift */,
				B70452CB20A14B2500090318 /* SwitchCollectionViewCell.xib */,
			);
			path = SwitchCollectionView;
			sourceTree = "<group>";
		};
		B705B9E220B5CC6F0068823D /* Profile */ = {
			isa = PBXGroup;
			children = (
				B705B9E320B5CCEA0068823D /* ProfileViewController.swift */,
			);
			path = Profile;
			sourceTree = "<group>";
		};
		B708B3DC20A7404900687113 /* Extension */ = {
			isa = PBXGroup;
			children = (
				B708B3DD20A740C000687113 /* UIStoryBoard+Extension.swift */,
				B708702D20B32032008E0D57 /* CustomDate+Extension.swift */,
				B7FAD73C20CA272D000AC3E0 /* UISearchController+Extension.swift */,
			);
			path = Extension;
			sourceTree = "<group>";
		};
		B709639D20D1F62800D29A12 /* HuntedRadarModelTests */ = {
			isa = PBXGroup;
			children = (
				B709639E20D1F62800D29A12 /* HuntedRadarModelTests.swift */,
				B70963A020D1F62800D29A12 /* Info.plist */,
			);
			path = HuntedRadarModelTests;
			sourceTree = "<group>";
		};
		B70BB4EB20B4663400612736 /* Forbid */ = {
			isa = PBXGroup;
			children = (
				B70BB4EC20B4664500612736 /* Forbid.swift */,
			);
			path = Forbid;
			sourceTree = "<group>";
		};
		B70BBA3620C4EFD0000A39D6 /* Source */ = {
			isa = PBXGroup;
			children = (
				B70BBA3720C4EFD0000A39D6 /* Extensions */,
				B70BBA4920C4EFD0000A39D6 /* Viewers */,
				B70BBA4D20C4EFD0000A39D6 /* Pickers */,
				B70BBA8120C4EFD0000A39D6 /* Views */,
			);
			path = Source;
			sourceTree = "<group>";
		};
		B70BBA3720C4EFD0000A39D6 /* Extensions */ = {
			isa = PBXGroup;
			children = (
				B70BBA3820C4EFD0000A39D6 /* Array+Extensions.swift */,
				B70BBA3920C4EFD0000A39D6 /* UISegmentedControl+Extensions.swift */,
				B70BBA3A20C4EFD0000A39D6 /* UIImageView+Extensions.swift */,
				B70BBA3B20C4EFD0000A39D6 /* UIViewController+Extensions.swift */,
				B70BBA3C20C4EFD0000A39D6 /* UIView+Extensions.swift */,
				B70BBA3D20C4EFD0000A39D6 /* Date+Extension.swift */,
				B70BBA3E20C4EFD0000A39D6 /* String+Extensions.swift */,
				B70BBA3F20C4EFD0000A39D6 /* UITextView+Extensions.swift */,
				B70BBA4020C4EFD0000A39D6 /* UIColor+Extensions.swift */,
				B70BBA4120C4EFD0000A39D6 /* UIImage+Extensions.swift */,
				B70BBA4220C4EFD0000A39D6 /* UISearchBar+Extensions.swift */,
				B70BBA4320C4EFD0000A39D6 /* UIApplication+Extensions.swift */,
				B70BBA4420C4EFD0000A39D6 /* UIAlertController+Extensions.swift */,
				B70BBA4520C4EFD0000A39D6 /* Optional+Extensions.swift */,
				B70BBA4620C4EFD0000A39D6 /* Common+Extensions.swift */,
				B70BBA4720C4EFD0000A39D6 /* Locale+Extensions.swift */,
				B70BBA4820C4EFD0000A39D6 /* UITextField+Extensions.swift */,
			);
			path = Extensions;
			sourceTree = "<group>";
		};
		B70BBA4920C4EFD0000A39D6 /* Viewers */ = {
			isa = PBXGroup;
			children = (
				B70BBA4A20C4EFD0000A39D6 /* Models */,
				B70BBA4C20C4EFD0000A39D6 /* TextViewController.swift */,
			);
			path = Viewers;
			sourceTree = "<group>";
		};
		B70BBA4A20C4EFD0000A39D6 /* Models */ = {
			isa = PBXGroup;
			children = (
				B70BBA4B20C4EFD0000A39D6 /* AttributedTextBlock.swift */,
			);
			path = Models;
			sourceTree = "<group>";
		};
		B70BBA4D20C4EFD0000A39D6 /* Pickers */ = {
			isa = PBXGroup;
			children = (
				B70BBA4E20C4EFD0000A39D6 /* Locale */,
				B70BBA5920C4EFD0000A39D6 /* TextFields */,
				B70BBA5C20C4EFD0000A39D6 /* PhotoLibrary */,
				B70BBA6020C4EFD0000A39D6 /* Location */,
				B70BBA6820C4EFD0000A39D6 /* PickerView */,
				B70BBA7220C4EFD0000A39D6 /* Color */,
				B70BBA7420C4EFD0000A39D6 /* Date */,
				B70BBA7620C4EFD0000A39D6 /* Image */,
			);
			path = Pickers;
			sourceTree = "<group>";
		};
		B70BBA4E20C4EFD0000A39D6 /* Locale */ = {
			isa = PBXGroup;
			children = (
				B70BBA4F20C4EFD0000A39D6 /* Countries.bundle */,
				B70BBA5020C4EFD0000A39D6 /* Managers */,
				B70BBA5220C4EFD0000A39D6 /* Models */,
				B70BBA5420C4EFD0000A39D6 /* LocalePickerViewController.swift */,
				B70BBA5520C4EFD0000A39D6 /* Views */,
			);
			path = Locale;
			sourceTree = "<group>";
		};
		B70BBA5020C4EFD0000A39D6 /* Managers */ = {
			isa = PBXGroup;
			children = (
				B70BBA5120C4EFD0000A39D6 /* LocaleStore.swift */,
			);
			path = Managers;
			sourceTree = "<group>";
		};
		B70BBA5220C4EFD0000A39D6 /* Models */ = {
			isa = PBXGroup;
			children = (
				B70BBA5320C4EFD0000A39D6 /* LocaleInfo.swift */,
			);
			path = Models;
			sourceTree = "<group>";
		};
		B70BBA5520C4EFD0000A39D6 /* Views */ = {
			isa = PBXGroup;
			children = (
				B70BBA5620C4EFD0000A39D6 /* PhoneCodeCell.swift */,
				B70BBA5720C4EFD0000A39D6 /* CurrencyCell.swift */,
				B70BBA5820C4EFD0000A39D6 /* CountryCell.swift */,
			);
			path = Views;
			sourceTree = "<group>";
		};
		B70BBA5920C4EFD0000A39D6 /* TextFields */ = {
			isa = PBXGroup;
			children = (
				B70BBA5A20C4EFD0000A39D6 /* TwoTextFieldsViewController.swift */,
				B70BBA5B20C4EFD0000A39D6 /* OneTextFieldViewController.swift */,
			);
			path = TextFields;
			sourceTree = "<group>";
		};
		B70BBA5C20C4EFD0000A39D6 /* PhotoLibrary */ = {
			isa = PBXGroup;
			children = (
				B70BBA5D20C4EFD0000A39D6 /* Managers */,
				B70BBA5F20C4EFD0000A39D6 /* PhotoLibraryPickerViewController.swift */,
			);
			path = PhotoLibrary;
			sourceTree = "<group>";
		};
		B70BBA5D20C4EFD0000A39D6 /* Managers */ = {
			isa = PBXGroup;
			children = (
				B70BBA5E20C4EFD0000A39D6 /* Assets.swift */,
			);
			path = Managers;
			sourceTree = "<group>";
		};
		B70BBA6020C4EFD0000A39D6 /* Location */ = {
			isa = PBXGroup;
			children = (
				B70BBA6120C4EFD0000A39D6 /* LocationSearchResultsViewController.swift */,
				B70BBA6220C4EFD0000A39D6 /* LocationPickerViewController.swift */,
				B70BBA6320C4EFD0000A39D6 /* Managers */,
				B70BBA6520C4EFD0000A39D6 /* Models */,
			);
			path = Location;
			sourceTree = "<group>";
		};
		B70BBA6320C4EFD0000A39D6 /* Managers */ = {
			isa = PBXGroup;
			children = (
				B70BBA6420C4EFD0000A39D6 /* SearchHistoryManager.swift */,
			);
			path = Managers;
			sourceTree = "<group>";
		};
		B70BBA6520C4EFD0000A39D6 /* Models */ = {
			isa = PBXGroup;
			children = (
				B70BBA6620C4EFD0000A39D6 /* Location.swift */,
				B70BBA6720C4EFD0000A39D6 /* Address.swift */,
			);
			path = Models;
			sourceTree = "<group>";
		};
		B70BBA6820C4EFD0000A39D6 /* PickerView */ = {
			isa = PBXGroup;
			children = (
				B70BBA6920C4EFD0000A39D6 /* PickerViewViewController.swift */,
			);
			path = PickerView;
			sourceTree = "<group>";
		};
		B70BBA7220C4EFD0000A39D6 /* Color */ = {
			isa = PBXGroup;
			children = (
				B70BBA7320C4EFD0000A39D6 /* ColorPickerViewController.swift */,
			);
			path = Color;
			sourceTree = "<group>";
		};
		B70BBA7420C4EFD0000A39D6 /* Date */ = {
			isa = PBXGroup;
			children = (
				B70BBA7520C4EFD0000A39D6 /* DatePickerViewController.swift */,
			);
			path = Date;
			sourceTree = "<group>";
		};
		B70BBA7620C4EFD0000A39D6 /* Image */ = {
			isa = PBXGroup;
			children = (
				B70BBA7720C4EFD0000A39D6 /* ImagePickerViewController.swift */,
				B70BBA7820C4EFD0000A39D6 /* Views */,
			);
			path = Image;
			sourceTree = "<group>";
		};
		B70BBA7820C4EFD0000A39D6 /* Views */ = {
			isa = PBXGroup;
			children = (
				B70BBA7920C4EFD0000A39D6 /* ItemWithImage.swift */,
			);
			path = Views;
			sourceTree = "<group>";
		};
		B70BBA8120C4EFD0000A39D6 /* Views */ = {
			isa = PBXGroup;
			children = (
				B70BBA8220C4EFD0000A39D6 /* Label.swift */,
				B70BBA8320C4EFD0000A39D6 /* SegmentedControl.swift */,
				B70BBA8420C4EFD0000A39D6 /* GradientSlider.swift */,
				B70BBA8520C4EFD0000A39D6 /* TextField.swift */,
				B70BBA8620C4EFD0000A39D6 /* Button.swift */,
			);
			path = Views;
			sourceTree = "<group>";
		};
		B70C6D34209CA72700E5ACD9 /* BezierPathExtension */ = {
			isa = PBXGroup;
			children = (
				B70C6D35209CA76500E5ACD9 /* BezierPathExtension.swift */,
			);
			path = BezierPathExtension;
			sourceTree = "<group>";
		};
		B70CDB2420AD5FE700935AFD /* Firebase */ = {
			isa = PBXGroup;
			children = (
				B70CDB2520AD601700935AFD /* FirebaseManager.swift */,
			);
			path = Firebase;
			sourceTree = "<group>";
		};
		B70CDB2720AD7DAD00935AFD /* Article */ = {
			isa = PBXGroup;
			children = (
				B70CDB2820AD7DBD00935AFD /* Article.swift */,
			);
			path = Article;
			sourceTree = "<group>";
		};
		B70D0F8F20C8F4DB007824F9 /* CustomMKAnnotationView */ = {
			isa = PBXGroup;
			children = (
				B70D0F9020C8F50E007824F9 /* UnLuckyHouseMKAnnotationView.swift */,
				B70D0F9220C8FA40007824F9 /* SafeLocationMKAnnotationView.swift */,
				B70D0F9420C8FD62007824F9 /* PinViewMKAnnotationView.swift */,
				B70E98DC209C522900112661 /* DangerousLocationAnnotationView.swift */,
			);
			path = CustomMKAnnotationView;
			sourceTree = "<group>";
		};
		B70D0F9620C8FF98007824F9 /* TabBar */ = {
			isa = PBXGroup;
			children = (
				B708B3D920A73EBB00687113 /* TabBarViewController.swift */,
			);
			path = TabBar;
			sourceTree = "<group>";
		};
		B70D0F9720C8FFA8007824F9 /* BarChart */ = {
			isa = PBXGroup;
			children = (
				B71060F920A49C1500C4A93F /* BarChartViewController.swift */,
			);
			path = BarChart;
			sourceTree = "<group>";
		};
		B70D0F9820C8FFB9007824F9 /* SwitchView */ = {
			isa = PBXGroup;
			children = (
				B70452C720A1480700090318 /* SwitchViewController.swift */,
			);
			path = SwitchView;
			sourceTree = "<group>";
		};
		B70D0F9920C8FFC7007824F9 /* RadarView */ = {
			isa = PBXGroup;
			children = (
				B7C5AD4220995B030054FD6B /* RadarViewController.swift */,
			);
			path = RadarView;
			sourceTree = "<group>";
		};
		B70D0F9A20C8FFDB007824F9 /* LocationSearchTable */ = {
			isa = PBXGroup;
			children = (
				B70C18DB209EE87600133859 /* LocationSearchUITableViewController.swift */,
			);
			path = LocationSearchTable;
			sourceTree = "<group>";
		};
		B70D0F9B20C90018007824F9 /* DangerousLocationDetailMapView */ = {
			isa = PBXGroup;
			children = (
				B70E98D4209C43B500112661 /* DangerousLocationDetailMapView.swift */,
				B70E98D6209C43F100112661 /* DangerousLocationDetailMapView.xib */,
			);
			path = DangerousLocationDetailMapView;
			sourceTree = "<group>";
		};
		B70D0F9C20C90053007824F9 /* DangerousLocationTableViewCell */ = {
			isa = PBXGroup;
			children = (
				B70E98D8209C491F00112661 /* DangerousLocationTableViewCell.swift */,
				B70E98D9209C491F00112661 /* DangerousLocationTableViewCell.xib */,
			);
			path = DangerousLocationTableViewCell;
			sourceTree = "<group>";
		};
		B70D0F9D20C9016E007824F9 /* UnLuckyHouse */ = {
			isa = PBXGroup;
			children = (
				B7C5AD552099629E0054FD6B /* Dao.swift */,
				B7C5AD57209962DE0054FD6B /* UnLuckyHouse.swift */,
			);
			path = UnLuckyHouse;
			sourceTree = "<group>";
		};
		B70D0F9E20C9018C007824F9 /* DangerousLocation */ = {
			isa = PBXGroup;
			children = (
				B7C5AD5C209990860054FD6B /* DangerousLocation.swift */,
			);
			path = DangerousLocation;
			sourceTree = "<group>";
		};
		B70D0F9F20C901AA007824F9 /* SafeLocation */ = {
			isa = PBXGroup;
			children = (
				B72A46D320A1EEBD00E810E0 /* SafeLocation.swift */,
			);
			path = SafeLocation;
			sourceTree = "<group>";
		};
		B70D0FA020C901C8007824F9 /* ExpandableLocation */ = {
			isa = PBXGroup;
			children = (
				B725FFB520A0377400BA6553 /* ExpandableLocations.swift */,
			);
			path = ExpandableLocation;
			sourceTree = "<group>";
		};
		B70D0FA120C9028E007824F9 /* Constants */ = {
			isa = PBXGroup;
			children = (
				B70D0FA220C90299007824F9 /* MapViewConstants */,
			);
			path = Constants;
			sourceTree = "<group>";
		};
		B70D0FA220C90299007824F9 /* MapViewConstants */ = {
			isa = PBXGroup;
			children = (
				B70D0FA320C902B1007824F9 /* MapViewConstants.swift */,
			);
			path = MapViewConstants;
			sourceTree = "<group>";
		};
		B70E4A6620B6934B00A100AF /* ForbidCell */ = {
			isa = PBXGroup;
			children = (
				B70E4A6720B6937200A100AF /* ForbidTableViewCell.swift */,
				B70E4A6820B6937200A100AF /* ForbidTableViewCell.xib */,
			);
			path = ForbidCell;
			sourceTree = "<group>";
		};
		B70E98D3209C429400112661 /* View */ = {
			isa = PBXGroup;
			children = (
				B70D0F9C20C90053007824F9 /* DangerousLocationTableViewCell */,
				B70D0F9B20C90018007824F9 /* DangerousLocationDetailMapView */,
				B70D0F8F20C8F4DB007824F9 /* CustomMKAnnotationView */,
				B71037E120BE427900952A65 /* PrivacyCell */,
				B70E4A6620B6934B00A100AF /* ForbidCell */,
				B7BB5E3E20B2A64C00F16CCD /* ImageCell */,
				B7BB5E3920B2A3CE00F16CCD /* CommentCell */,
				B712E03720AE7BCD00FFBD87 /* SearchBarContainer */,
				B7CB48E420A94C0B0042194C /* ArticleCell */,
				B70452C920A14AFD00090318 /* SwitchCollectionView */,
			);
			path = View;
			sourceTree = "<group>";
		};
		B71037DE20BE41C900952A65 /* Privacy */ = {
			isa = PBXGroup;
			children = (
				B71037DF20BE41F300952A65 /* PrivacyViewController.swift */,
			);
			path = Privacy;
			sourceTree = "<group>";
		};
		B71037E120BE427900952A65 /* PrivacyCell */ = {
			isa = PBXGroup;
			children = (
				B71037E220BE429700952A65 /* PrivacyViewCell.swift */,
				B71037E320BE429700952A65 /* PrivacyViewCell.xib */,
			);
			path = PrivacyCell;
			sourceTree = "<group>";
		};
		B712E03720AE7BCD00FFBD87 /* SearchBarContainer */ = {
			isa = PBXGroup;
			children = (
				B712E03820AE7BF300FFBD87 /* SearchBarContainerView.swift */,
			);
			path = SearchBarContainer;
			sourceTree = "<group>";
		};
		B7479F8B20A9300900415978 /* Navigation */ = {
			isa = PBXGroup;
			children = (
				B7479F8C20A9305D00415978 /* HuntedNavigationController.swift */,
			);
			path = Navigation;
			sourceTree = "<group>";
		};
		B7BB5E3620B2965600F16CCD /* Detail */ = {
			isa = PBXGroup;
			children = (
				B7BB5E3720B2967300F16CCD /* DetailViewController.swift */,
			);
			path = Detail;
			sourceTree = "<group>";
		};
		B7BB5E3920B2A3CE00F16CCD /* CommentCell */ = {
			isa = PBXGroup;
			children = (
				B7BB5E3A20B2A3FA00F16CCD /* CommentTableViewCell.swift */,
				B7BB5E3B20B2A3FA00F16CCD /* CommentTableViewCell.xib */,
			);
			path = CommentCell;
			sourceTree = "<group>";
		};
		B7BB5E3E20B2A64C00F16CCD /* ImageCell */ = {
			isa = PBXGroup;
			children = (
				B7BB5E3F20B2A66200F16CCD /* ImageTableViewCell.swift */,
				B7BB5E4020B2A66200F16CCD /* ImageTableViewCell.xib */,
			);
			path = ImageCell;
			sourceTree = "<group>";
		};
		B7BB5E4320B2C8A800F16CCD /* Comment */ = {
			isa = PBXGroup;
			children = (
				B7BB5E4420B2C8BB00F16CCD /* Comment.swift */,
			);
			path = Comment;
			sourceTree = "<group>";
		};
		B7C5AD3420995B030054FD6B = {
			isa = PBXGroup;
			children = (
				B7C5AD3F20995B030054FD6B /* HuntedRadar */,
				B709639D20D1F62800D29A12 /* HuntedRadarModelTests */,
				B7C5AD3E20995B030054FD6B /* Products */,
				3E8DBDEA20B6C72371770F57 /* Pods */,
				F57B06C7654F8759E1F85A9F /* Frameworks */,
			);
			sourceTree = "<group>";
		};
		B7C5AD3E20995B030054FD6B /* Products */ = {
			isa = PBXGroup;
			children = (
				B7C5AD3D20995B030054FD6B /* HuntedRadar.app */,
				B709639C20D1F62800D29A12 /* HuntedRadarModelTests.xctest */,
			);
			name = Products;
			sourceTree = "<group>";
		};
		B7C5AD3F20995B030054FD6B /* HuntedRadar */ = {
			isa = PBXGroup;
			children = (
				B708B3DC20A7404900687113 /* Extension */,
				B70C6D34209CA72700E5ACD9 /* BezierPathExtension */,
				B70E98D3209C429400112661 /* View */,
				B7C5AD5B20996ABF0054FD6B /* Storyboard */,
				B7C5AD5A20996A960054FD6B /* Controller */,
				B7C5AD542099628E0054FD6B /* Model */,
				B7C5AD4020995B030054FD6B /* AppDelegate.swift */,
				B7C5AD4720995B040054FD6B /* Assets.xcassets */,
				B7C5AD4920995B040054FD6B /* LaunchScreen.storyboard */,
				B7C5AD4C20995B040054FD6B /* Info.plist */,
				B7C5AD52209962640054FD6B /* unluckyhouse.sqlite */,
				B70C18D3209DAA4600133859 /* crimes10701_10703.json */,
				B7CB48E920A95D6B0042194C /* GoogleService-Info.plist */,
				B70BBA3620C4EFD0000A39D6 /* Source */,
			);
			path = HuntedRadar;
			sourceTree = "<group>";
		};
		B7C5AD542099628E0054FD6B /* Model */ = {
			isa = PBXGroup;
			children = (
				B70D0FA120C9028E007824F9 /* Constants */,
				B70D0FA020C901C8007824F9 /* ExpandableLocation */,
				B70D0F9F20C901AA007824F9 /* SafeLocation */,
				B70D0F9E20C9018C007824F9 /* DangerousLocation */,
				B70D0F9D20C9016E007824F9 /* UnLuckyHouse */,
				B7E2254B20C78313007C843A /* AddressProvider */,
				B70BB4EB20B4663400612736 /* Forbid */,
				B7BB5E4320B2C8A800F16CCD /* Comment */,
				B70CDB2720AD7DAD00935AFD /* Article */,
				B70CDB2420AD5FE700935AFD /* Firebase */,
			);
			path = Model;
			sourceTree = "<group>";
		};
		B7C5AD5A20996A960054FD6B /* Controller */ = {
			isa = PBXGroup;
			children = (
				B7FAD74120CA54BA000AC3E0 /* TempRadar */,
				B7FAD73E20CA2F95000AC3E0 /* MapView */,
				B70D0F9A20C8FFDB007824F9 /* LocationSearchTable */,
				B70D0F9920C8FFC7007824F9 /* RadarView */,
				B70D0F9820C8FFB9007824F9 /* SwitchView */,
				B70D0F9720C8FFA8007824F9 /* BarChart */,
				B70D0F9620C8FF98007824F9 /* TabBar */,
				B71037DE20BE41C900952A65 /* Privacy */,
				B705B9E220B5CC6F0068823D /* Profile */,
				B7BB5E3620B2965600F16CCD /* Detail */,
				B7CCD75020A9970300CE722E /* AddQuestion */,
				B7CCD74B20A9845000CE722E /* Login */,
				B7CB48E020A94A8B0042194C /* Article */,
				B7479F8B20A9300900415978 /* Navigation */,
			);
			path = Controller;
			sourceTree = "<group>";
		};
		B7C5AD5B20996ABF0054FD6B /* Storyboard */ = {
			isa = PBXGroup;
			children = (
				B7C5AD4420995B030054FD6B /* Main.storyboard */,
				B79E4DB820A06E2900FE9911 /* LocationSearchTable.storyboard */,
				B708B3DF20A747CB00687113 /* Article.storyboard */,
				B708B3E120A747DA00687113 /* Profile.storyboard */,
				B708B3E320A74AC100687113 /* TabBar.storyboard */,
				B7CCD74920A97AC700CE722E /* Login.storyboard */,
				B7CCD74E20A996EA00CE722E /* AddQuestion.storyboard */,
				B711612520B2956000C554CA /* Detail.storyboard */,
			);
			path = Storyboard;
			sourceTree = "<group>";
		};
		B7CB48E020A94A8B0042194C /* Article */ = {
			isa = PBXGroup;
			children = (
				B7CB48E120A94AA60042194C /* ArticleViewController.swift */,
			);
			path = Article;
			sourceTree = "<group>";
		};
		B7CB48E420A94C0B0042194C /* ArticleCell */ = {
			isa = PBXGroup;
			children = (
				B7CB48E520A94C430042194C /* ArticleTableViewCell.swift */,
				B7CB48E620A94C430042194C /* ArticleTableViewCell.xib */,
			);
			path = ArticleCell;
			sourceTree = "<group>";
		};
		B7CCD74B20A9845000CE722E /* Login */ = {
			isa = PBXGroup;
			children = (
				B7CCD74C20A9847100CE722E /* LoginViewController.swift */,
			);
			path = Login;
			sourceTree = "<group>";
		};
		B7CCD75020A9970300CE722E /* AddQuestion */ = {
			isa = PBXGroup;
			children = (
				B7CCD75120A9971800CE722E /* AddQuestionViewController.swift */,
			);
			path = AddQuestion;
			sourceTree = "<group>";
		};
		B7E2254B20C78313007C843A /* AddressProvider */ = {
			isa = PBXGroup;
			children = (
				B7E2254C20C78335007C843A /* AddressProvider.swift */,
			);
			path = AddressProvider;
			sourceTree = "<group>";
		};
		B7FAD73E20CA2F95000AC3E0 /* MapView */ = {
			isa = PBXGroup;
			children = (
				B7FAD73F20CA2FB3000AC3E0 /* MapViewController.swift */,
			);
			path = MapView;
			sourceTree = "<group>";
		};
		B7FAD74120CA54BA000AC3E0 /* TempRadar */ = {
			isa = PBXGroup;
			children = (
				B7FAD74220CA54D3000AC3E0 /* TempRadarViewController.swift */,
			);
			path = TempRadar;
			sourceTree = "<group>";
		};
		F57B06C7654F8759E1F85A9F /* Frameworks */ = {
			isa = PBXGroup;
			children = (
				512348C5603785C2ABF26B3E /* Pods_HuntedRadar.framework */,
				1ED81C8C6D2DA71D0CDE5A51 /* libPods-HuntedRadarModelTests.a */,
			);
			name = Frameworks;
			sourceTree = "<group>";
		};
/* End PBXGroup section */

/* Begin PBXNativeTarget section */
		B709639B20D1F62800D29A12 /* HuntedRadarModelTests */ = {
			isa = PBXNativeTarget;
			buildConfigurationList = B70963A520D1F62800D29A12 /* Build configuration list for PBXNativeTarget "HuntedRadarModelTests" */;
			buildPhases = (
				8613B5A1376CDE008B873F1E /* [CP] Check Pods Manifest.lock */,
				B709639820D1F62800D29A12 /* Sources */,
				B709639920D1F62800D29A12 /* Frameworks */,
				B709639A20D1F62800D29A12 /* Resources */,
			);
			buildRules = (
			);
			dependencies = (
				B70963A220D1F62800D29A12 /* PBXTargetDependency */,
			);
			name = HuntedRadarModelTests;
			productName = HuntedRadarModelTests;
			productReference = B709639C20D1F62800D29A12 /* HuntedRadarModelTests.xctest */;
			productType = "com.apple.product-type.bundle.unit-test";
		};
		B7C5AD3C20995B030054FD6B /* HuntedRadar */ = {
			isa = PBXNativeTarget;
			buildConfigurationList = B7C5AD4F20995B040054FD6B /* Build configuration list for PBXNativeTarget "HuntedRadar" */;
			buildPhases = (
				5D2E4DF3AF660F1DDF1CF961 /* [CP] Check Pods Manifest.lock */,
				B7C5AD3920995B030054FD6B /* Sources */,
				B7C5AD3A20995B030054FD6B /* Frameworks */,
				B7C5AD3B20995B030054FD6B /* Resources */,
				8A3CF92E6A86B79D22A77752 /* [CP] Embed Pods Frameworks */,
				B7C5AD59209966550054FD6B /* ShellScript */,
				C84B188ECC524136358EAFF7 /* [CP] Copy Pods Resources */,
				B70EE38B20BBCD7300BA3A99 /* ShellScript */,
			);
			buildRules = (
			);
			dependencies = (
			);
			name = HuntedRadar;
			productName = HuntedRadar;
			productReference = B7C5AD3D20995B030054FD6B /* HuntedRadar.app */;
			productType = "com.apple.product-type.application";
		};
/* End PBXNativeTarget section */

/* Begin PBXProject section */
		B7C5AD3520995B030054FD6B /* Project object */ = {
			isa = PBXProject;
			attributes = {
				LastSwiftUpdateCheck = 0930;
				LastUpgradeCheck = 0930;
				ORGANIZATIONNAME = BoTingDing;
				TargetAttributes = {
					B709639B20D1F62800D29A12 = {
						CreatedOnToolsVersion = 9.3;
						TestTargetID = B7C5AD3C20995B030054FD6B;
					};
					B7C5AD3C20995B030054FD6B = {
						CreatedOnToolsVersion = 9.3;
					};
				};
			};
			buildConfigurationList = B7C5AD3820995B030054FD6B /* Build configuration list for PBXProject "HuntedRadar" */;
			compatibilityVersion = "Xcode 9.3";
			developmentRegion = en;
			hasScannedForEncodings = 0;
			knownRegions = (
				en,
				Base,
			);
			mainGroup = B7C5AD3420995B030054FD6B;
			productRefGroup = B7C5AD3E20995B030054FD6B /* Products */;
			projectDirPath = "";
			projectRoot = "";
			targets = (
				B7C5AD3C20995B030054FD6B /* HuntedRadar */,
				B709639B20D1F62800D29A12 /* HuntedRadarModelTests */,
			);
		};
/* End PBXProject section */

/* Begin PBXResourcesBuildPhase section */
		B709639A20D1F62800D29A12 /* Resources */ = {
			isa = PBXResourcesBuildPhase;
			buildActionMask = 2147483647;
			files = (
			);
			runOnlyForDeploymentPostprocessing = 0;
		};
		B7C5AD3B20995B030054FD6B /* Resources */ = {
			isa = PBXResourcesBuildPhase;
			buildActionMask = 2147483647;
			files = (
				B7C5AD4B20995B040054FD6B /* LaunchScreen.storyboard in Resources */,
				B708B3E220A747DA00687113 /* Profile.storyboard in Resources */,
				B70E98D7209C43F100112661 /* DangerousLocationDetailMapView.xib in Resources */,
				B711612620B2956000C554CA /* Detail.storyboard in Resources */,
				B7BB5E4220B2A66200F16CCD /* ImageTableViewCell.xib in Resources */,
				B70C18D4209DAA4600133859 /* crimes10701_10703.json in Resources */,
				B708B3E420A74AC100687113 /* TabBar.storyboard in Resources */,
				B708B3E020A747CB00687113 /* Article.storyboard in Resources */,
				B70BBA9A20C4EFD0000A39D6 /* Countries.bundle in Resources */,
				B7BB5E3D20B2A3FA00F16CCD /* CommentTableViewCell.xib in Resources */,
				B70E4A6A20B6937200A100AF /* ForbidTableViewCell.xib in Resources */,
				B7C5AD4820995B040054FD6B /* Assets.xcassets in Resources */,
				B79E4DB920A06E2900FE9911 /* LocationSearchTable.storyboard in Resources */,
				B7CCD74A20A97AC700CE722E /* Login.storyboard in Resources */,
				B7CB48E820A94C430042194C /* ArticleTableViewCell.xib in Resources */,
				B70E98DB209C491F00112661 /* DangerousLocationTableViewCell.xib in Resources */,
				B70452CD20A14B2500090318 /* SwitchCollectionViewCell.xib in Resources */,
				B7C5AD53209962640054FD6B /* unluckyhouse.sqlite in Resources */,
				B7C5AD4620995B030054FD6B /* Main.storyboard in Resources */,
				B71037E520BE429700952A65 /* PrivacyViewCell.xib in Resources */,
				B7CCD74F20A996EA00CE722E /* AddQuestion.storyboard in Resources */,
				B7CB48EA20A95D6C0042194C /* GoogleService-Info.plist in Resources */,
			);
			runOnlyForDeploymentPostprocessing = 0;
		};
/* End PBXResourcesBuildPhase section */

/* Begin PBXShellScriptBuildPhase section */
		5D2E4DF3AF660F1DDF1CF961 /* [CP] Check Pods Manifest.lock */ = {
			isa = PBXShellScriptBuildPhase;
			buildActionMask = 2147483647;
			files = (
			);
			inputPaths = (
				"${PODS_PODFILE_DIR_PATH}/Podfile.lock",
				"${PODS_ROOT}/Manifest.lock",
			);
			name = "[CP] Check Pods Manifest.lock";
			outputPaths = (
				"$(DERIVED_FILE_DIR)/Pods-HuntedRadar-checkManifestLockResult.txt",
			);
			runOnlyForDeploymentPostprocessing = 0;
			shellPath = /bin/sh;
			shellScript = "diff \"${PODS_PODFILE_DIR_PATH}/Podfile.lock\" \"${PODS_ROOT}/Manifest.lock\" > /dev/null\nif [ $? != 0 ] ; then\n    # print error to STDERR\n    echo \"error: The sandbox is not in sync with the Podfile.lock. Run 'pod install' or update your CocoaPods installation.\" >&2\n    exit 1\nfi\n# This output is used by Xcode 'outputs' to avoid re-running this script phase.\necho \"SUCCESS\" > \"${SCRIPT_OUTPUT_FILE_0}\"\n";
			showEnvVarsInLog = 0;
		};
		8613B5A1376CDE008B873F1E /* [CP] Check Pods Manifest.lock */ = {
			isa = PBXShellScriptBuildPhase;
			buildActionMask = 2147483647;
			files = (
			);
			inputPaths = (
				"${PODS_PODFILE_DIR_PATH}/Podfile.lock",
				"${PODS_ROOT}/Manifest.lock",
			);
			name = "[CP] Check Pods Manifest.lock";
			outputPaths = (
				"$(DERIVED_FILE_DIR)/Pods-HuntedRadarModelTests-checkManifestLockResult.txt",
			);
			runOnlyForDeploymentPostprocessing = 0;
			shellPath = /bin/sh;
			shellScript = "diff \"${PODS_PODFILE_DIR_PATH}/Podfile.lock\" \"${PODS_ROOT}/Manifest.lock\" > /dev/null\nif [ $? != 0 ] ; then\n    # print error to STDERR\n    echo \"error: The sandbox is not in sync with the Podfile.lock. Run 'pod install' or update your CocoaPods installation.\" >&2\n    exit 1\nfi\n# This output is used by Xcode 'outputs' to avoid re-running this script phase.\necho \"SUCCESS\" > \"${SCRIPT_OUTPUT_FILE_0}\"\n";
			showEnvVarsInLog = 0;
		};
		8A3CF92E6A86B79D22A77752 /* [CP] Embed Pods Frameworks */ = {
			isa = PBXShellScriptBuildPhase;
			buildActionMask = 2147483647;
			files = (
			);
			inputPaths = (
				"${SRCROOT}/Pods/Target Support Files/Pods-HuntedRadar/Pods-HuntedRadar-frameworks.sh",
				"${BUILT_PRODUCTS_DIR}/Alamofire/Alamofire.framework",
				"${BUILT_PRODUCTS_DIR}/Charts/Charts.framework",
				"${BUILT_PRODUCTS_DIR}/FMDB/FMDB.framework",
				"${BUILT_PRODUCTS_DIR}/GTMSessionFetcher/GTMSessionFetcher.framework",
				"${BUILT_PRODUCTS_DIR}/GoogleToolboxForMac-f0850809/GoogleToolboxForMac.framework",
				"${BUILT_PRODUCTS_DIR}/IQKeyboardManagerSwift/IQKeyboardManagerSwift.framework",
				"${BUILT_PRODUCTS_DIR}/SDWebImage/SDWebImage.framework",
				"${BUILT_PRODUCTS_DIR}/SVProgressHUD/SVProgressHUD.framework",
				"${BUILT_PRODUCTS_DIR}/SwipeCellKit/SwipeCellKit.framework",
				"${BUILT_PRODUCTS_DIR}/leveldb-library/leveldb.framework",
				"${BUILT_PRODUCTS_DIR}/nanopb-framework/nanopb.framework",
			);
			name = "[CP] Embed Pods Frameworks";
			outputPaths = (
				"${TARGET_BUILD_DIR}/${FRAMEWORKS_FOLDER_PATH}/Alamofire.framework",
				"${TARGET_BUILD_DIR}/${FRAMEWORKS_FOLDER_PATH}/Charts.framework",
				"${TARGET_BUILD_DIR}/${FRAMEWORKS_FOLDER_PATH}/FMDB.framework",
				"${TARGET_BUILD_DIR}/${FRAMEWORKS_FOLDER_PATH}/GTMSessionFetcher.framework",
				"${TARGET_BUILD_DIR}/${FRAMEWORKS_FOLDER_PATH}/GoogleToolboxForMac.framework",
				"${TARGET_BUILD_DIR}/${FRAMEWORKS_FOLDER_PATH}/IQKeyboardManagerSwift.framework",
				"${TARGET_BUILD_DIR}/${FRAMEWORKS_FOLDER_PATH}/SDWebImage.framework",
				"${TARGET_BUILD_DIR}/${FRAMEWORKS_FOLDER_PATH}/SVProgressHUD.framework",
				"${TARGET_BUILD_DIR}/${FRAMEWORKS_FOLDER_PATH}/SwipeCellKit.framework",
				"${TARGET_BUILD_DIR}/${FRAMEWORKS_FOLDER_PATH}/leveldb.framework",
				"${TARGET_BUILD_DIR}/${FRAMEWORKS_FOLDER_PATH}/nanopb.framework",
			);
			runOnlyForDeploymentPostprocessing = 0;
			shellPath = /bin/sh;
			shellScript = "\"${SRCROOT}/Pods/Target Support Files/Pods-HuntedRadar/Pods-HuntedRadar-frameworks.sh\"\n";
			showEnvVarsInLog = 0;
		};
		B70EE38B20BBCD7300BA3A99 /* ShellScript */ = {
			isa = PBXShellScriptBuildPhase;
			buildActionMask = 2147483647;
			files = (
			);
			inputPaths = (
			);
			outputPaths = (
			);
			runOnlyForDeploymentPostprocessing = 0;
			shellPath = /bin/sh;
			shellScript = "\"${PODS_ROOT}/Fabric/run\" f56cb13de68f87a0cc6c7c8ec7241b4405b8d141 f2a15d5e732807a9da207bf53a7803100d73b4f6f86881bc16af51a110d4a4f7";
		};
		B7C5AD59209966550054FD6B /* ShellScript */ = {
			isa = PBXShellScriptBuildPhase;
			buildActionMask = 2147483647;
			files = (
			);
			inputPaths = (
			);
			outputPaths = (
			);
			runOnlyForDeploymentPostprocessing = 0;
			shellPath = /bin/sh;
			shellScript = "\"${PODS_ROOT}/SwiftLint/swiftlint\"";
		};
		C84B188ECC524136358EAFF7 /* [CP] Copy Pods Resources */ = {
			isa = PBXShellScriptBuildPhase;
			buildActionMask = 2147483647;
			files = (
			);
			inputPaths = (
				"${SRCROOT}/Pods/Target Support Files/Pods-HuntedRadar/Pods-HuntedRadar-resources.sh",
				"${PODS_CONFIGURATION_BUILD_DIR}/FirebaseUI/FirebaseAuthUI.bundle",
			);
			name = "[CP] Copy Pods Resources";
			outputPaths = (
				"${TARGET_BUILD_DIR}/${UNLOCALIZED_RESOURCES_FOLDER_PATH}/FirebaseAuthUI.bundle",
			);
			runOnlyForDeploymentPostprocessing = 0;
			shellPath = /bin/sh;
			shellScript = "\"${SRCROOT}/Pods/Target Support Files/Pods-HuntedRadar/Pods-HuntedRadar-resources.sh\"\n";
			showEnvVarsInLog = 0;
		};
/* End PBXShellScriptBuildPhase section */

/* Begin PBXSourcesBuildPhase section */
		B709639820D1F62800D29A12 /* Sources */ = {
			isa = PBXSourcesBuildPhase;
			buildActionMask = 2147483647;
			files = (
				B709639F20D1F62800D29A12 /* HuntedRadarModelTests.swift in Sources */,
			);
			runOnlyForDeploymentPostprocessing = 0;
		};
		B7C5AD3920995B030054FD6B /* Sources */ = {
			isa = PBXSourcesBuildPhase;
			buildActionMask = 2147483647;
			files = (
				B7CCD74D20A9847100CE722E /* LoginViewController.swift in Sources */,
				B7E2254D20C78335007C843A /* AddressProvider.swift in Sources */,
				B708702E20B32032008E0D57 /* CustomDate+Extension.swift in Sources */,
				B70E4A6920B6937200A100AF /* ForbidTableViewCell.swift in Sources */,
				B7CB48E720A94C430042194C /* ArticleTableViewCell.swift in Sources */,
				B70BBABB20C4EFD1000A39D6 /* Button.swift in Sources */,
				B708B3DA20A73EBB00687113 /* TabBarViewController.swift in Sources */,
				B70BBA9920C4EFD0000A39D6 /* TextViewController.swift in Sources */,
				B71037E420BE429700952A65 /* PrivacyViewCell.swift in Sources */,
				B7C5AD58209962DE0054FD6B /* UnLuckyHouse.swift in Sources */,
				B70D0F9120C8F50E007824F9 /* UnLuckyHouseMKAnnotationView.swift in Sources */,
				B70D0FA420C902B1007824F9 /* MapViewConstants.swift in Sources */,
				B70BBAA320C4EFD1000A39D6 /* Assets.swift in Sources */,
				B708B3DE20A740C000687113 /* UIStoryBoard+Extension.swift in Sources */,
				B70BBAA520C4EFD1000A39D6 /* LocationSearchResultsViewController.swift in Sources */,
				B705B9E420B5CCEA0068823D /* ProfileViewController.swift in Sources */,
				B70C18DC209EE87600133859 /* LocationSearchUITableViewController.swift in Sources */,
				B70BBA9320C4EFD0000A39D6 /* UIAlertController+Extensions.swift in Sources */,
				B70BBABA20C4EFD1000A39D6 /* TextField.swift in Sources */,
				B70452CC20A14B2500090318 /* SwitchCollectionViewCell.swift in Sources */,
				B70BB4ED20B4664500612736 /* Forbid.swift in Sources */,
				B70BBA9720C4EFD0000A39D6 /* UITextField+Extensions.swift in Sources */,
				B70BBA8C20C4EFD0000A39D6 /* Date+Extension.swift in Sources */,
				B7C5AD5D209990860054FD6B /* DangerousLocation.swift in Sources */,
				B7479F8D20A9305D00415978 /* HuntedNavigationController.swift in Sources */,
				B712E03920AE7BF300FFBD87 /* SearchBarContainerView.swift in Sources */,
				B7C5AD4320995B030054FD6B /* RadarViewController.swift in Sources */,
				B70BBAA820C4EFD1000A39D6 /* Location.swift in Sources */,
				B7BB5E4520B2C8BB00F16CCD /* Comment.swift in Sources */,
				B70BBAB020C4EFD1000A39D6 /* DatePickerViewController.swift in Sources */,
				B71037E020BE41F300952A65 /* PrivacyViewController.swift in Sources */,
				B70BBAB120C4EFD1000A39D6 /* ImagePickerViewController.swift in Sources */,
				B70BBA8F20C4EFD0000A39D6 /* UIColor+Extensions.swift in Sources */,
				B70BBA9C20C4EFD0000A39D6 /* LocaleInfo.swift in Sources */,
				B7C5AD4120995B030054FD6B /* AppDelegate.swift in Sources */,
				B70BBA8E20C4EFD0000A39D6 /* UITextView+Extensions.swift in Sources */,
				B70BBA9F20C4EFD0000A39D6 /* CurrencyCell.swift in Sources */,
				B70BBA8720C4EFD0000A39D6 /* Array+Extensions.swift in Sources */,
				B7FAD74320CA54D3000AC3E0 /* TempRadarViewController.swift in Sources */,
				B70E98D5209C43B500112661 /* DangerousLocationDetailMapView.swift in Sources */,
				B70BBA8D20C4EFD0000A39D6 /* String+Extensions.swift in Sources */,
				B70D0F9320C8FA40007824F9 /* SafeLocationMKAnnotationView.swift in Sources */,
				B70BBA9B20C4EFD0000A39D6 /* LocaleStore.swift in Sources */,
				B70BBAB920C4EFD1000A39D6 /* GradientSlider.swift in Sources */,
				B70BBA9620C4EFD0000A39D6 /* Locale+Extensions.swift in Sources */,
				B70BBAA020C4EFD1000A39D6 /* CountryCell.swift in Sources */,
				B7BB5E3820B2967300F16CCD /* DetailViewController.swift in Sources */,
				B7FAD73D20CA272D000AC3E0 /* UISearchController+Extension.swift in Sources */,
				B70BBAA120C4EFD1000A39D6 /* TwoTextFieldsViewController.swift in Sources */,
				B70BBA9820C4EFD0000A39D6 /* AttributedTextBlock.swift in Sources */,
				B70BBAA920C4EFD1000A39D6 /* Address.swift in Sources */,
				B70BBA8B20C4EFD0000A39D6 /* UIView+Extensions.swift in Sources */,
				B70BBAAA20C4EFD1000A39D6 /* PickerViewViewController.swift in Sources */,
				B70D0F9520C8FD62007824F9 /* PinViewMKAnnotationView.swift in Sources */,
				B70452C820A1480700090318 /* SwitchViewController.swift in Sources */,
				B7C5AD562099629E0054FD6B /* Dao.swift in Sources */,
				B70BBA8920C4EFD0000A39D6 /* UIImageView+Extensions.swift in Sources */,
				B70BBA9220C4EFD0000A39D6 /* UIApplication+Extensions.swift in Sources */,
				B725FFB620A0377400BA6553 /* ExpandableLocations.swift in Sources */,
				B70BBA9120C4EFD0000A39D6 /* UISearchBar+Extensions.swift in Sources */,
				B70BBAAF20C4EFD1000A39D6 /* ColorPickerViewController.swift in Sources */,
				B70BBA8820C4EFD0000A39D6 /* UISegmentedControl+Extensions.swift in Sources */,
				B70BBAA220C4EFD1000A39D6 /* OneTextFieldViewController.swift in Sources */,
				B70BBAB820C4EFD1000A39D6 /* SegmentedControl.swift in Sources */,
				B70BBA9D20C4EFD0000A39D6 /* LocalePickerViewController.swift in Sources */,
				B70E98DA209C491F00112661 /* DangerousLocationTableViewCell.swift in Sources */,
				B70BBAB720C4EFD1000A39D6 /* Label.swift in Sources */,
				B70BBAA620C4EFD1000A39D6 /* LocationPickerViewController.swift in Sources */,
				B70BBA8A20C4EFD0000A39D6 /* UIViewController+Extensions.swift in Sources */,
				B70BBA9420C4EFD0000A39D6 /* Optional+Extensions.swift in Sources */,
				B70BBAB220C4EFD1000A39D6 /* ItemWithImage.swift in Sources */,
				B7CCD75220A9971800CE722E /* AddQuestionViewController.swift in Sources */,
				B7CB48E220A94AA60042194C /* ArticleViewController.swift in Sources */,
				B70BBAA720C4EFD1000A39D6 /* SearchHistoryManager.swift in Sources */,
				B70E98DD209C522900112661 /* DangerousLocationAnnotationView.swift in Sources */,
				B7BB5E4120B2A66200F16CCD /* ImageTableViewCell.swift in Sources */,
				B70BBA9E20C4EFD0000A39D6 /* PhoneCodeCell.swift in Sources */,
				B70C6D36209CA76500E5ACD9 /* BezierPathExtension.swift in Sources */,
				B7BB5E3C20B2A3FA00F16CCD /* CommentTableViewCell.swift in Sources */,
				B70CDB2920AD7DBD00935AFD /* Article.swift in Sources */,
				B70CDB2620AD601700935AFD /* FirebaseManager.swift in Sources */,
				B70BBA9020C4EFD0000A39D6 /* UIImage+Extensions.swift in Sources */,
				B72A46D420A1EEBD00E810E0 /* SafeLocation.swift in Sources */,
				B70BBAA420C4EFD1000A39D6 /* PhotoLibraryPickerViewController.swift in Sources */,
				B70BBA9520C4EFD0000A39D6 /* Common+Extensions.swift in Sources */,
				B7FAD74020CA2FB3000AC3E0 /* MapViewController.swift in Sources */,
				B71060FA20A49C1500C4A93F /* BarChartViewController.swift in Sources */,
			);
			runOnlyForDeploymentPostprocessing = 0;
		};
/* End PBXSourcesBuildPhase section */

/* Begin PBXTargetDependency section */
		B70963A220D1F62800D29A12 /* PBXTargetDependency */ = {
			isa = PBXTargetDependency;
			target = B7C5AD3C20995B030054FD6B /* HuntedRadar */;
			targetProxy = B70963A120D1F62800D29A12 /* PBXContainerItemProxy */;
		};
/* End PBXTargetDependency section */

/* Begin PBXVariantGroup section */
		B7C5AD4420995B030054FD6B /* Main.storyboard */ = {
			isa = PBXVariantGroup;
			children = (
				B7C5AD4520995B030054FD6B /* Base */,
			);
			name = Main.storyboard;
			sourceTree = "<group>";
		};
		B7C5AD4920995B040054FD6B /* LaunchScreen.storyboard */ = {
			isa = PBXVariantGroup;
			children = (
				B7C5AD4A20995B040054FD6B /* Base */,
			);
			name = LaunchScreen.storyboard;
			sourceTree = "<group>";
		};
/* End PBXVariantGroup section */

/* Begin XCBuildConfiguration section */
		B70963A320D1F62800D29A12 /* Debug */ = {
			isa = XCBuildConfiguration;
			baseConfigurationReference = 33A5E3CDB1FB2DDD8A3A92E4 /* Pods-HuntedRadarModelTests.debug.xcconfig */;
			buildSettings = {
				BUNDLE_LOADER = "$(TEST_HOST)";
				CODE_SIGN_STYLE = Automatic;
				DEVELOPMENT_TEAM = 6HH362Z9DX;
				INFOPLIST_FILE = HuntedRadarModelTests/Info.plist;
				IPHONEOS_DEPLOYMENT_TARGET = 11.3;
				LD_RUNPATH_SEARCH_PATHS = (
					"$(inherited)",
					"@executable_path/Frameworks",
					"@loader_path/Frameworks",
				);
				PRODUCT_BUNDLE_IDENTIFIER = com.btding.HuntedRadarModelTests;
				PRODUCT_NAME = "$(TARGET_NAME)";
				SWIFT_VERSION = 4.0;
				TARGETED_DEVICE_FAMILY = "1,2";
				TEST_HOST = "$(BUILT_PRODUCTS_DIR)/HuntedRadar.app/HuntedRadar";
			};
			name = Debug;
		};
		B70963A420D1F62800D29A12 /* Release */ = {
			isa = XCBuildConfiguration;
			baseConfigurationReference = E2C746E925967D9A3E96E822 /* Pods-HuntedRadarModelTests.release.xcconfig */;
			buildSettings = {
				BUNDLE_LOADER = "$(TEST_HOST)";
				CODE_SIGN_STYLE = Automatic;
				DEVELOPMENT_TEAM = 6HH362Z9DX;
				INFOPLIST_FILE = HuntedRadarModelTests/Info.plist;
				IPHONEOS_DEPLOYMENT_TARGET = 11.3;
				LD_RUNPATH_SEARCH_PATHS = (
					"$(inherited)",
					"@executable_path/Frameworks",
					"@loader_path/Frameworks",
				);
				PRODUCT_BUNDLE_IDENTIFIER = com.btding.HuntedRadarModelTests;
				PRODUCT_NAME = "$(TARGET_NAME)";
				SWIFT_VERSION = 4.0;
				TARGETED_DEVICE_FAMILY = "1,2";
				TEST_HOST = "$(BUILT_PRODUCTS_DIR)/HuntedRadar.app/HuntedRadar";
			};
			name = Release;
		};
		B7C5AD4D20995B040054FD6B /* Debug */ = {
			isa = XCBuildConfiguration;
			buildSettings = {
				ALWAYS_SEARCH_USER_PATHS = NO;
				CLANG_ANALYZER_NONNULL = YES;
				CLANG_ANALYZER_NUMBER_OBJECT_CONVERSION = YES_AGGRESSIVE;
				CLANG_CXX_LANGUAGE_STANDARD = "gnu++14";
				CLANG_CXX_LIBRARY = "libc++";
				CLANG_ENABLE_MODULES = YES;
				CLANG_ENABLE_OBJC_ARC = YES;
				CLANG_ENABLE_OBJC_WEAK = YES;
				CLANG_WARN_BLOCK_CAPTURE_AUTORELEASING = YES;
				CLANG_WARN_BOOL_CONVERSION = YES;
				CLANG_WARN_COMMA = YES;
				CLANG_WARN_CONSTANT_CONVERSION = YES;
				CLANG_WARN_DEPRECATED_OBJC_IMPLEMENTATIONS = YES;
				CLANG_WARN_DIRECT_OBJC_ISA_USAGE = YES_ERROR;
				CLANG_WARN_DOCUMENTATION_COMMENTS = YES;
				CLANG_WARN_EMPTY_BODY = YES;
				CLANG_WARN_ENUM_CONVERSION = YES;
				CLANG_WARN_INFINITE_RECURSION = YES;
				CLANG_WARN_INT_CONVERSION = YES;
				CLANG_WARN_NON_LITERAL_NULL_CONVERSION = YES;
				CLANG_WARN_OBJC_IMPLICIT_RETAIN_SELF = YES;
				CLANG_WARN_OBJC_LITERAL_CONVERSION = YES;
				CLANG_WARN_OBJC_ROOT_CLASS = YES_ERROR;
				CLANG_WARN_RANGE_LOOP_ANALYSIS = YES;
				CLANG_WARN_STRICT_PROTOTYPES = YES;
				CLANG_WARN_SUSPICIOUS_MOVE = YES;
				CLANG_WARN_UNGUARDED_AVAILABILITY = YES_AGGRESSIVE;
				CLANG_WARN_UNREACHABLE_CODE = YES;
				CLANG_WARN__DUPLICATE_METHOD_MATCH = YES;
				CODE_SIGN_IDENTITY = "iPhone Developer";
				COPY_PHASE_STRIP = NO;
				DEBUG_INFORMATION_FORMAT = dwarf;
				ENABLE_STRICT_OBJC_MSGSEND = YES;
				ENABLE_TESTABILITY = YES;
				GCC_C_LANGUAGE_STANDARD = gnu11;
				GCC_DYNAMIC_NO_PIC = NO;
				GCC_NO_COMMON_BLOCKS = YES;
				GCC_OPTIMIZATION_LEVEL = 0;
				GCC_PREPROCESSOR_DEFINITIONS = (
					"DEBUG=1",
					"$(inherited)",
				);
				GCC_WARN_64_TO_32_BIT_CONVERSION = YES;
				GCC_WARN_ABOUT_RETURN_TYPE = YES_ERROR;
				GCC_WARN_UNDECLARED_SELECTOR = YES;
				GCC_WARN_UNINITIALIZED_AUTOS = YES_AGGRESSIVE;
				GCC_WARN_UNUSED_FUNCTION = YES;
				GCC_WARN_UNUSED_VARIABLE = YES;
				IPHONEOS_DEPLOYMENT_TARGET = 11.0;
				MTL_ENABLE_DEBUG_INFO = YES;
				ONLY_ACTIVE_ARCH = YES;
				SDKROOT = iphoneos;
				SWIFT_ACTIVE_COMPILATION_CONDITIONS = DEBUG;
				SWIFT_OPTIMIZATION_LEVEL = "-Onone";
			};
			name = Debug;
		};
		B7C5AD4E20995B040054FD6B /* Release */ = {
			isa = XCBuildConfiguration;
			buildSettings = {
				ALWAYS_SEARCH_USER_PATHS = NO;
				CLANG_ANALYZER_NONNULL = YES;
				CLANG_ANALYZER_NUMBER_OBJECT_CONVERSION = YES_AGGRESSIVE;
				CLANG_CXX_LANGUAGE_STANDARD = "gnu++14";
				CLANG_CXX_LIBRARY = "libc++";
				CLANG_ENABLE_MODULES = YES;
				CLANG_ENABLE_OBJC_ARC = YES;
				CLANG_ENABLE_OBJC_WEAK = YES;
				CLANG_WARN_BLOCK_CAPTURE_AUTORELEASING = YES;
				CLANG_WARN_BOOL_CONVERSION = YES;
				CLANG_WARN_COMMA = YES;
				CLANG_WARN_CONSTANT_CONVERSION = YES;
				CLANG_WARN_DEPRECATED_OBJC_IMPLEMENTATIONS = YES;
				CLANG_WARN_DIRECT_OBJC_ISA_USAGE = YES_ERROR;
				CLANG_WARN_DOCUMENTATION_COMMENTS = YES;
				CLANG_WARN_EMPTY_BODY = YES;
				CLANG_WARN_ENUM_CONVERSION = YES;
				CLANG_WARN_INFINITE_RECURSION = YES;
				CLANG_WARN_INT_CONVERSION = YES;
				CLANG_WARN_NON_LITERAL_NULL_CONVERSION = YES;
				CLANG_WARN_OBJC_IMPLICIT_RETAIN_SELF = YES;
				CLANG_WARN_OBJC_LITERAL_CONVERSION = YES;
				CLANG_WARN_OBJC_ROOT_CLASS = YES_ERROR;
				CLANG_WARN_RANGE_LOOP_ANALYSIS = YES;
				CLANG_WARN_STRICT_PROTOTYPES = YES;
				CLANG_WARN_SUSPICIOUS_MOVE = YES;
				CLANG_WARN_UNGUARDED_AVAILABILITY = YES_AGGRESSIVE;
				CLANG_WARN_UNREACHABLE_CODE = YES;
				CLANG_WARN__DUPLICATE_METHOD_MATCH = YES;
				CODE_SIGN_IDENTITY = "iPhone Developer";
				COPY_PHASE_STRIP = NO;
				DEBUG_INFORMATION_FORMAT = "dwarf-with-dsym";
				ENABLE_NS_ASSERTIONS = NO;
				ENABLE_STRICT_OBJC_MSGSEND = YES;
				GCC_C_LANGUAGE_STANDARD = gnu11;
				GCC_NO_COMMON_BLOCKS = YES;
				GCC_WARN_64_TO_32_BIT_CONVERSION = YES;
				GCC_WARN_ABOUT_RETURN_TYPE = YES_ERROR;
				GCC_WARN_UNDECLARED_SELECTOR = YES;
				GCC_WARN_UNINITIALIZED_AUTOS = YES_AGGRESSIVE;
				GCC_WARN_UNUSED_FUNCTION = YES;
				GCC_WARN_UNUSED_VARIABLE = YES;
				IPHONEOS_DEPLOYMENT_TARGET = 11.0;
				MTL_ENABLE_DEBUG_INFO = NO;
				SDKROOT = iphoneos;
				SWIFT_COMPILATION_MODE = wholemodule;
				SWIFT_OPTIMIZATION_LEVEL = "-O";
				VALIDATE_PRODUCT = YES;
			};
			name = Release;
		};
		B7C5AD5020995B040054FD6B /* Debug */ = {
			isa = XCBuildConfiguration;
			baseConfigurationReference = D09A49790DB186CF5543EBF1 /* Pods-HuntedRadar.debug.xcconfig */;
			buildSettings = {
				ASSETCATALOG_COMPILER_APPICON_NAME = AppIcon;
				CODE_SIGN_STYLE = Automatic;
				DEVELOPMENT_TEAM = 6HH362Z9DX;
				INFOPLIST_FILE = HuntedRadar/Info.plist;
				IPHONEOS_DEPLOYMENT_TARGET = 11.0;
				LD_RUNPATH_SEARCH_PATHS = (
					"$(inherited)",
					"@executable_path/Frameworks",
				);
				PRODUCT_BUNDLE_IDENTIFIER = com.btding.HuntedRadar;
				PRODUCT_NAME = "$(TARGET_NAME)";
				SWIFT_VERSION = 4.0;
				TARGETED_DEVICE_FAMILY = 1;
			};
			name = Debug;
		};
		B7C5AD5120995B040054FD6B /* Release */ = {
			isa = XCBuildConfiguration;
			baseConfigurationReference = 9ADEF73EEB0D209624612685 /* Pods-HuntedRadar.release.xcconfig */;
			buildSettings = {
				ASSETCATALOG_COMPILER_APPICON_NAME = AppIcon;
				CODE_SIGN_STYLE = Automatic;
				DEVELOPMENT_TEAM = 6HH362Z9DX;
				INFOPLIST_FILE = HuntedRadar/Info.plist;
				IPHONEOS_DEPLOYMENT_TARGET = 11.0;
				LD_RUNPATH_SEARCH_PATHS = (
					"$(inherited)",
					"@executable_path/Frameworks",
				);
				PRODUCT_BUNDLE_IDENTIFIER = com.btding.HuntedRadar;
				PRODUCT_NAME = "$(TARGET_NAME)";
				SWIFT_VERSION = 4.0;
				TARGETED_DEVICE_FAMILY = 1;
			};
			name = Release;
		};
/* End XCBuildConfiguration section */

/* Begin XCConfigurationList section */
		B70963A520D1F62800D29A12 /* Build configuration list for PBXNativeTarget "HuntedRadarModelTests" */ = {
			isa = XCConfigurationList;
			buildConfigurations = (
				B70963A320D1F62800D29A12 /* Debug */,
				B70963A420D1F62800D29A12 /* Release */,
			);
			defaultConfigurationIsVisible = 0;
			defaultConfigurationName = Release;
		};
		B7C5AD3820995B030054FD6B /* Build configuration list for PBXProject "HuntedRadar" */ = {
			isa = XCConfigurationList;
			buildConfigurations = (
				B7C5AD4D20995B040054FD6B /* Debug */,
				B7C5AD4E20995B040054FD6B /* Release */,
			);
			defaultConfigurationIsVisible = 0;
			defaultConfigurationName = Release;
		};
		B7C5AD4F20995B040054FD6B /* Build configuration list for PBXNativeTarget "HuntedRadar" */ = {
			isa = XCConfigurationList;
			buildConfigurations = (
				B7C5AD5020995B040054FD6B /* Debug */,
				B7C5AD5120995B040054FD6B /* Release */,
			);
			defaultConfigurationIsVisible = 0;
			defaultConfigurationName = Release;
		};
/* End XCConfigurationList section */
	};
	rootObject = B7C5AD3520995B030054FD6B /* Project object */;
}
