// !$*UTF8*$!
{
	archiveVersion = 1;
	classes = {
	};
	objectVersion = 50;
	objects = {

/* Begin PBXBuildFile section */
		036AE4982A91DF83BBB65766 /* Pods_HuntedRadar.framework in Frameworks */ = {isa = PBXBuildFile; fileRef = 512348C5603785C2ABF26B3E /* Pods_HuntedRadar.framework */; };
		B7C5AD4120995B030054FD6B /* AppDelegate.swift in Sources */ = {isa = PBXBuildFile; fileRef = B7C5AD4020995B030054FD6B /* AppDelegate.swift */; };
		B7C5AD4320995B030054FD6B /* ViewController.swift in Sources */ = {isa = PBXBuildFile; fileRef = B7C5AD4220995B030054FD6B /* ViewController.swift */; };
		B7C5AD4620995B030054FD6B /* Main.storyboard in Resources */ = {isa = PBXBuildFile; fileRef = B7C5AD4420995B030054FD6B /* Main.storyboard */; };
		B7C5AD4820995B040054FD6B /* Assets.xcassets in Resources */ = {isa = PBXBuildFile; fileRef = B7C5AD4720995B040054FD6B /* Assets.xcassets */; };
		B7C5AD4B20995B040054FD6B /* LaunchScreen.storyboard in Resources */ = {isa = PBXBuildFile; fileRef = B7C5AD4920995B040054FD6B /* LaunchScreen.storyboard */; };
/* End PBXBuildFile section */

/* Begin PBXFileReference section */
		512348C5603785C2ABF26B3E /* Pods_HuntedRadar.framework */ = {isa = PBXFileReference; explicitFileType = wrapper.framework; includeInIndex = 0; path = Pods_HuntedRadar.framework; sourceTree = BUILT_PRODUCTS_DIR; };
		9ADEF73EEB0D209624612685 /* Pods-HuntedRadar.release.xcconfig */ = {isa = PBXFileReference; includeInIndex = 1; lastKnownFileType = text.xcconfig; name = "Pods-HuntedRadar.release.xcconfig"; path = "Pods/Target Support Files/Pods-HuntedRadar/Pods-HuntedRadar.release.xcconfig"; sourceTree = "<group>"; };
		B7C5AD3D20995B030054FD6B /* HuntedRadar.app */ = {isa = PBXFileReference; explicitFileType = wrapper.application; includeInIndex = 0; path = HuntedRadar.app; sourceTree = BUILT_PRODUCTS_DIR; };
		B7C5AD4020995B030054FD6B /* AppDelegate.swift */ = {isa = PBXFileReference; lastKnownFileType = sourcecode.swift; path = AppDelegate.swift; sourceTree = "<group>"; };
		B7C5AD4220995B030054FD6B /* ViewController.swift */ = {isa = PBXFileReference; lastKnownFileType = sourcecode.swift; path = ViewController.swift; sourceTree = "<group>"; };
		B7C5AD4520995B030054FD6B /* Base */ = {isa = PBXFileReference; lastKnownFileType = file.storyboard; name = Base; path = Base.lproj/Main.storyboard; sourceTree = "<group>"; };
		B7C5AD4720995B040054FD6B /* Assets.xcassets */ = {isa = PBXFileReference; lastKnownFileType = folder.assetcatalog; path = Assets.xcassets; sourceTree = "<group>"; };
		B7C5AD4A20995B040054FD6B /* Base */ = {isa = PBXFileReference; lastKnownFileType = file.storyboard; name = Base; path = Base.lproj/LaunchScreen.storyboard; sourceTree = "<group>"; };
		B7C5AD4C20995B040054FD6B /* Info.plist */ = {isa = PBXFileReference; lastKnownFileType = text.plist.xml; path = Info.plist; sourceTree = "<group>"; };
		D09A49790DB186CF5543EBF1 /* Pods-HuntedRadar.debug.xcconfig */ = {isa = PBXFileReference; includeInIndex = 1; lastKnownFileType = text.xcconfig; name = "Pods-HuntedRadar.debug.xcconfig"; path = "Pods/Target Support Files/Pods-HuntedRadar/Pods-HuntedRadar.debug.xcconfig"; sourceTree = "<group>"; };
/* End PBXFileReference section */

/* Begin PBXFrameworksBuildPhase section */
		B7C5AD3A20995B030054FD6B /* Frameworks */ = {
			isa = PBXFrameworksBuildPhase;
			buildActionMask = 2147483647;
			files = (
				036AE4982A91DF83BBB65766 /* Pods_HuntedRadar.framework in Frameworks */,
			);
			runOnlyForDeploymentPostprocessing = 0;
		};
/* End PBXFrameworksBuildPhase section */

/* Begin PBXGroup section */
		3E8DBDEA20B6C72371770F57 /* Pods */ = {
			isa = PBXGroup;
			children = (
				D09A49790DB186CF5543EBF1 /* Pods-HuntedRadar.debug.xcconfig */,
				9ADEF73EEB0D209624612685 /* Pods-HuntedRadar.release.xcconfig */,
			);
			name = Pods;
			sourceTree = "<group>";
		};
		B7C5AD3420995B030054FD6B = {
			isa = PBXGroup;
			children = (
				B7C5AD3F20995B030054FD6B /* HuntedRadar */,
				B7C5AD3E20995B030054FD6B /* Products */,
				3E8DBDEA20B6C72371770F57 /* Pods */,
				F57B06C7654F8759E1F85A9F /* Frameworks */,
			);
			sourceTree = "<group>";
		};
		B7C5AD3E20995B030054FD6B /* Products */ = {
			isa = PBXGroup;
			children = (
				B7C5AD3D20995B030054FD6B /* HuntedRadar.app */,
			);
			name = Products;
			sourceTree = "<group>";
		};
		B7C5AD3F20995B030054FD6B /* HuntedRadar */ = {
			isa = PBXGroup;
			children = (
				B7C5AD4020995B030054FD6B /* AppDelegate.swift */,
				B7C5AD4220995B030054FD6B /* ViewController.swift */,
				B7C5AD4420995B030054FD6B /* Main.storyboard */,
				B7C5AD4720995B040054FD6B /* Assets.xcassets */,
				B7C5AD4920995B040054FD6B /* LaunchScreen.storyboard */,
				B7C5AD4C20995B040054FD6B /* Info.plist */,
			);
			path = HuntedRadar;
			sourceTree = "<group>";
		};
		F57B06C7654F8759E1F85A9F /* Frameworks */ = {
			isa = PBXGroup;
			children = (
				512348C5603785C2ABF26B3E /* Pods_HuntedRadar.framework */,
			);
			name = Frameworks;
			sourceTree = "<group>";
		};
/* End PBXGroup section */

/* Begin PBXNativeTarget section */
		B7C5AD3C20995B030054FD6B /* HuntedRadar */ = {
			isa = PBXNativeTarget;
			buildConfigurationList = B7C5AD4F20995B040054FD6B /* Build configuration list for PBXNativeTarget "HuntedRadar" */;
			buildPhases = (
				5D2E4DF3AF660F1DDF1CF961 /* [CP] Check Pods Manifest.lock */,
				B7C5AD3920995B030054FD6B /* Sources */,
				B7C5AD3A20995B030054FD6B /* Frameworks */,
				B7C5AD3B20995B030054FD6B /* Resources */,
				8A3CF92E6A86B79D22A77752 /* [CP] Embed Pods Frameworks */,
			);
			buildRules = (
			);
			dependencies = (
			);
			name = HuntedRadar;
			productName = HuntedRadar;
			productReference = B7C5AD3D20995B030054FD6B /* HuntedRadar.app */;
			productType = "com.apple.product-type.application";
		};
/* End PBXNativeTarget section */

/* Begin PBXProject section */
		B7C5AD3520995B030054FD6B /* Project object */ = {
			isa = PBXProject;
			attributes = {
				LastSwiftUpdateCheck = 0930;
				LastUpgradeCheck = 0930;
				ORGANIZATIONNAME = BoTingDing;
				TargetAttributes = {
					B7C5AD3C20995B030054FD6B = {
						CreatedOnToolsVersion = 9.3;
					};
				};
			};
			buildConfigurationList = B7C5AD3820995B030054FD6B /* Build configuration list for PBXProject "HuntedRadar" */;
			compatibilityVersion = "Xcode 9.3";
			developmentRegion = en;
			hasScannedForEncodings = 0;
			knownRegions = (
				en,
				Base,
			);
			mainGroup = B7C5AD3420995B030054FD6B;
			productRefGroup = B7C5AD3E20995B030054FD6B /* Products */;
			projectDirPath = "";
			projectRoot = "";
			targets = (
				B7C5AD3C20995B030054FD6B /* HuntedRadar */,
			);
		};
/* End PBXProject section */

/* Begin PBXResourcesBuildPhase section */
		B7C5AD3B20995B030054FD6B /* Resources */ = {
			isa = PBXResourcesBuildPhase;
			buildActionMask = 2147483647;
			files = (
				B7C5AD4B20995B040054FD6B /* LaunchScreen.storyboard in Resources */,
				B7C5AD4820995B040054FD6B /* Assets.xcassets in Resources */,
				B7C5AD4620995B030054FD6B /* Main.storyboard in Resources */,
			);
			runOnlyForDeploymentPostprocessing = 0;
		};
/* End PBXResourcesBuildPhase section */

/* Begin PBXShellScriptBuildPhase section */
		5D2E4DF3AF660F1DDF1CF961 /* [CP] Check Pods Manifest.lock */ = {
			isa = PBXShellScriptBuildPhase;
			buildActionMask = 2147483647;
			files = (
			);
			inputPaths = (
				"${PODS_PODFILE_DIR_PATH}/Podfile.lock",
				"${PODS_ROOT}/Manifest.lock",
			);
			name = "[CP] Check Pods Manifest.lock";
			outputPaths = (
				"$(DERIVED_FILE_DIR)/Pods-HuntedRadar-checkManifestLockResult.txt",
			);
			runOnlyForDeploymentPostprocessing = 0;
			shellPath = /bin/sh;
			shellScript = "diff \"${PODS_PODFILE_DIR_PATH}/Podfile.lock\" \"${PODS_ROOT}/Manifest.lock\" > /dev/null\nif [ $? != 0 ] ; then\n    # print error to STDERR\n    echo \"error: The sandbox is not in sync with the Podfile.lock. Run 'pod install' or update your CocoaPods installation.\" >&2\n    exit 1\nfi\n# This output is used by Xcode 'outputs' to avoid re-running this script phase.\necho \"SUCCESS\" > \"${SCRIPT_OUTPUT_FILE_0}\"\n";
			showEnvVarsInLog = 0;
		};
		8A3CF92E6A86B79D22A77752 /* [CP] Embed Pods Frameworks */ = {
			isa = PBXShellScriptBuildPhase;
			buildActionMask = 2147483647;
			files = (
			);
			inputPaths = (
				"${SRCROOT}/Pods/Target Support Files/Pods-HuntedRadar/Pods-HuntedRadar-frameworks.sh",
				"${BUILT_PRODUCTS_DIR}/FMDB/FMDB.framework",
			);
			name = "[CP] Embed Pods Frameworks";
			outputPaths = (
				"${TARGET_BUILD_DIR}/${FRAMEWORKS_FOLDER_PATH}/FMDB.framework",
			);
			runOnlyForDeploymentPostprocessing = 0;
			shellPath = /bin/sh;
			shellScript = "\"${SRCROOT}/Pods/Target Support Files/Pods-HuntedRadar/Pods-HuntedRadar-frameworks.sh\"\n";
			showEnvVarsInLog = 0;
		};
/* End PBXShellScriptBuildPhase section */

/* Begin PBXSourcesBuildPhase section */
		B7C5AD3920995B030054FD6B /* Sources */ = {
			isa = PBXSourcesBuildPhase;
			buildActionMask = 2147483647;
			files = (
				B7C5AD4320995B030054FD6B /* ViewController.swift in Sources */,
				B7C5AD4120995B030054FD6B /* AppDelegate.swift in Sources */,
			);
			runOnlyForDeploymentPostprocessing = 0;
		};
/* End PBXSourcesBuildPhase section */

/* Begin PBXVariantGroup section */
		B7C5AD4420995B030054FD6B /* Main.storyboard */ = {
			isa = PBXVariantGroup;
			children = (
				B7C5AD4520995B030054FD6B /* Base */,
			);
			name = Main.storyboard;
			sourceTree = "<group>";
		};
		B7C5AD4920995B040054FD6B /* LaunchScreen.storyboard */ = {
			isa = PBXVariantGroup;
			children = (
				B7C5AD4A20995B040054FD6B /* Base */,
			);
			name = LaunchScreen.storyboard;
			sourceTree = "<group>";
		};
/* End PBXVariantGroup section */

/* Begin XCBuildConfiguration section */
		B7C5AD4D20995B040054FD6B /* Debug */ = {
			isa = XCBuildConfiguration;
			buildSettings = {
				ALWAYS_SEARCH_USER_PATHS = NO;
				CLANG_ANALYZER_NONNULL = YES;
				CLANG_ANALYZER_NUMBER_OBJECT_CONVERSION = YES_AGGRESSIVE;
				CLANG_CXX_LANGUAGE_STANDARD = "gnu++14";
				CLANG_CXX_LIBRARY = "libc++";
				CLANG_ENABLE_MODULES = YES;
				CLANG_ENABLE_OBJC_ARC = YES;
				CLANG_ENABLE_OBJC_WEAK = YES;
				CLANG_WARN_BLOCK_CAPTURE_AUTORELEASING = YES;
				CLANG_WARN_BOOL_CONVERSION = YES;
				CLANG_WARN_COMMA = YES;
				CLANG_WARN_CONSTANT_CONVERSION = YES;
				CLANG_WARN_DEPRECATED_OBJC_IMPLEMENTATIONS = YES;
				CLANG_WARN_DIRECT_OBJC_ISA_USAGE = YES_ERROR;
				CLANG_WARN_DOCUMENTATION_COMMENTS = YES;
				CLANG_WARN_EMPTY_BODY = YES;
				CLANG_WARN_ENUM_CONVERSION = YES;
				CLANG_WARN_INFINITE_RECURSION = YES;
				CLANG_WARN_INT_CONVERSION = YES;
				CLANG_WARN_NON_LITERAL_NULL_CONVERSION = YES;
				CLANG_WARN_OBJC_IMPLICIT_RETAIN_SELF = YES;
				CLANG_WARN_OBJC_LITERAL_CONVERSION = YES;
				CLANG_WARN_OBJC_ROOT_CLASS = YES_ERROR;
				CLANG_WARN_RANGE_LOOP_ANALYSIS = YES;
				CLANG_WARN_STRICT_PROTOTYPES = YES;
				CLANG_WARN_SUSPICIOUS_MOVE = YES;
				CLANG_WARN_UNGUARDED_AVAILABILITY = YES_AGGRESSIVE;
				CLANG_WARN_UNREACHABLE_CODE = YES;
				CLANG_WARN__DUPLICATE_METHOD_MATCH = YES;
				CODE_SIGN_IDENTITY = "iPhone Developer";
				COPY_PHASE_STRIP = NO;
				DEBUG_INFORMATION_FORMAT = dwarf;
				ENABLE_STRICT_OBJC_MSGSEND = YES;
				ENABLE_TESTABILITY = YES;
				GCC_C_LANGUAGE_STANDARD = gnu11;
				GCC_DYNAMIC_NO_PIC = NO;
				GCC_NO_COMMON_BLOCKS = YES;
				GCC_OPTIMIZATION_LEVEL = 0;
				GCC_PREPROCESSOR_DEFINITIONS = (
					"DEBUG=1",
					"$(inherited)",
				);
				GCC_WARN_64_TO_32_BIT_CONVERSION = YES;
				GCC_WARN_ABOUT_RETURN_TYPE = YES_ERROR;
				GCC_WARN_UNDECLARED_SELECTOR = YES;
				GCC_WARN_UNINITIALIZED_AUTOS = YES_AGGRESSIVE;
				GCC_WARN_UNUSED_FUNCTION = YES;
				GCC_WARN_UNUSED_VARIABLE = YES;
				IPHONEOS_DEPLOYMENT_TARGET = 11.3;
				MTL_ENABLE_DEBUG_INFO = YES;
				ONLY_ACTIVE_ARCH = YES;
				SDKROOT = iphoneos;
				SWIFT_ACTIVE_COMPILATION_CONDITIONS = DEBUG;
				SWIFT_OPTIMIZATION_LEVEL = "-Onone";
			};
			name = Debug;
		};
		B7C5AD4E20995B040054FD6B /* Release */ = {
			isa = XCBuildConfiguration;
			buildSettings = {
				ALWAYS_SEARCH_USER_PATHS = NO;
				CLANG_ANALYZER_NONNULL = YES;
				CLANG_ANALYZER_NUMBER_OBJECT_CONVERSION = YES_AGGRESSIVE;
				CLANG_CXX_LANGUAGE_STANDARD = "gnu++14";
				CLANG_CXX_LIBRARY = "libc++";
				CLANG_ENABLE_MODULES = YES;
				CLANG_ENABLE_OBJC_ARC = YES;
				CLANG_ENABLE_OBJC_WEAK = YES;
				CLANG_WARN_BLOCK_CAPTURE_AUTORELEASING = YES;
				CLANG_WARN_BOOL_CONVERSION = YES;
				CLANG_WARN_COMMA = YES;
				CLANG_WARN_CONSTANT_CONVERSION = YES;
				CLANG_WARN_DEPRECATED_OBJC_IMPLEMENTATIONS = YES;
				CLANG_WARN_DIRECT_OBJC_ISA_USAGE = YES_ERROR;
				CLANG_WARN_DOCUMENTATION_COMMENTS = YES;
				CLANG_WARN_EMPTY_BODY = YES;
				CLANG_WARN_ENUM_CONVERSION = YES;
				CLANG_WARN_INFINITE_RECURSION = YES;
				CLANG_WARN_INT_CONVERSION = YES;
				CLANG_WARN_NON_LITERAL_NULL_CONVERSION = YES;
				CLANG_WARN_OBJC_IMPLICIT_RETAIN_SELF = YES;
				CLANG_WARN_OBJC_LITERAL_CONVERSION = YES;
				CLANG_WARN_OBJC_ROOT_CLASS = YES_ERROR;
				CLANG_WARN_RANGE_LOOP_ANALYSIS = YES;
				CLANG_WARN_STRICT_PROTOTYPES = YES;
				CLANG_WARN_SUSPICIOUS_MOVE = YES;
				CLANG_WARN_UNGUARDED_AVAILABILITY = YES_AGGRESSIVE;
				CLANG_WARN_UNREACHABLE_CODE = YES;
				CLANG_WARN__DUPLICATE_METHOD_MATCH = YES;
				CODE_SIGN_IDENTITY = "iPhone Developer";
				COPY_PHASE_STRIP = NO;
				DEBUG_INFORMATION_FORMAT = "dwarf-with-dsym";
				ENABLE_NS_ASSERTIONS = NO;
				ENABLE_STRICT_OBJC_MSGSEND = YES;
				GCC_C_LANGUAGE_STANDARD = gnu11;
				GCC_NO_COMMON_BLOCKS = YES;
				GCC_WARN_64_TO_32_BIT_CONVERSION = YES;
				GCC_WARN_ABOUT_RETURN_TYPE = YES_ERROR;
				GCC_WARN_UNDECLARED_SELECTOR = YES;
				GCC_WARN_UNINITIALIZED_AUTOS = YES_AGGRESSIVE;
				GCC_WARN_UNUSED_FUNCTION = YES;
				GCC_WARN_UNUSED_VARIABLE = YES;
				IPHONEOS_DEPLOYMENT_TARGET = 11.3;
				MTL_ENABLE_DEBUG_INFO = NO;
				SDKROOT = iphoneos;
				SWIFT_COMPILATION_MODE = wholemodule;
				SWIFT_OPTIMIZATION_LEVEL = "-O";
				VALIDATE_PRODUCT = YES;
			};
			name = Release;
		};
		B7C5AD5020995B040054FD6B /* Debug */ = {
			isa = XCBuildConfiguration;
			baseConfigurationReference = D09A49790DB186CF5543EBF1 /* Pods-HuntedRadar.debug.xcconfig */;
			buildSettings = {
				ASSETCATALOG_COMPILER_APPICON_NAME = AppIcon;
				CODE_SIGN_STYLE = Automatic;
				DEVELOPMENT_TEAM = 6HH362Z9DX;
				INFOPLIST_FILE = HuntedRadar/Info.plist;
				LD_RUNPATH_SEARCH_PATHS = "$(inherited) @executable_path/Frameworks";
				PRODUCT_BUNDLE_IDENTIFIER = com.btding.HuntedRadar;
				PRODUCT_NAME = "$(TARGET_NAME)";
				SWIFT_VERSION = 4.0;
				TARGETED_DEVICE_FAMILY = "1,2";
			};
			name = Debug;
		};
		B7C5AD5120995B040054FD6B /* Release */ = {
			isa = XCBuildConfiguration;
			baseConfigurationReference = 9ADEF73EEB0D209624612685 /* Pods-HuntedRadar.release.xcconfig */;
			buildSettings = {
				ASSETCATALOG_COMPILER_APPICON_NAME = AppIcon;
				CODE_SIGN_STYLE = Automatic;
				DEVELOPMENT_TEAM = 6HH362Z9DX;
				INFOPLIST_FILE = HuntedRadar/Info.plist;
				LD_RUNPATH_SEARCH_PATHS = "$(inherited) @executable_path/Frameworks";
				PRODUCT_BUNDLE_IDENTIFIER = com.btding.HuntedRadar;
				PRODUCT_NAME = "$(TARGET_NAME)";
				SWIFT_VERSION = 4.0;
				TARGETED_DEVICE_FAMILY = "1,2";
			};
			name = Release;
		};
/* End XCBuildConfiguration section */

/* Begin XCConfigurationList section */
		B7C5AD3820995B030054FD6B /* Build configuration list for PBXProject "HuntedRadar" */ = {
			isa = XCConfigurationList;
			buildConfigurations = (
				B7C5AD4D20995B040054FD6B /* Debug */,
				B7C5AD4E20995B040054FD6B /* Release */,
			);
			defaultConfigurationIsVisible = 0;
			defaultConfigurationName = Release;
		};
		B7C5AD4F20995B040054FD6B /* Build configuration list for PBXNativeTarget "HuntedRadar" */ = {
			isa = XCConfigurationList;
			buildConfigurations = (
				B7C5AD5020995B040054FD6B /* Debug */,
				B7C5AD5120995B040054FD6B /* Release */,
			);
			defaultConfigurationIsVisible = 0;
			defaultConfigurationName = Release;
		};
/* End XCConfigurationList section */
	};
	rootObject = B7C5AD3520995B030054FD6B /* Project object */;
}
